// !$*UTF8*$!
{
	archiveVersion = 1;
	classes = {
	};
	objectVersion = 54;
	objects = {

/* Begin PBXBuildFile section */
		02086095272C194A00725122 /* Logging in Frameworks */ = {isa = PBXBuildFile; productRef = 02086094272C194A00725122 /* Logging */; };
		020860A8273014B900725122 /* TestVersion.swift in Sources */ = {isa = PBXBuildFile; fileRef = 020860A7273014B900725122 /* TestVersion.swift */; };
		020860B6273047E200725122 /* Generator.swift in Sources */ = {isa = PBXBuildFile; fileRef = 020860A3272EBEE800725122 /* Generator.swift */; };
		020860B7273047E700725122 /* IO.swift in Sources */ = {isa = PBXBuildFile; fileRef = 020860A1272EBEC500725122 /* IO.swift */; };
		020860B8273047EA00725122 /* Version.swift in Sources */ = {isa = PBXBuildFile; fileRef = 020860A527300E5F00725122 /* Version.swift */; };
		020860C02730485000725122 /* main.swift in Sources */ = {isa = PBXBuildFile; fileRef = 020860BF2730485000725122 /* main.swift */; };
		020860C52730485900725122 /* LibGenerate.framework in Frameworks */ = {isa = PBXBuildFile; fileRef = 020860AE273047D100725122 /* LibGenerate.framework */; };
		020860C62730485900725122 /* LibGenerate.framework in Embed Frameworks */ = {isa = PBXBuildFile; fileRef = 020860AE273047D100725122 /* LibGenerate.framework */; settings = {ATTRIBUTES = (CodeSignOnCopy, RemoveHeadersOnCopy, ); }; };
		020860CA2730486A00725122 /* LibGenerate.framework in Frameworks */ = {isa = PBXBuildFile; fileRef = 020860AE273047D100725122 /* LibGenerate.framework */; };
		020860CE273048F200725122 /* Errors.swift in Sources */ = {isa = PBXBuildFile; fileRef = 020860CC273048EE00725122 /* Errors.swift */; };
		020860D12730493900725122 /* SteamBaseAPI+Version.swift in Sources */ = {isa = PBXBuildFile; fileRef = 020860CF2730493300725122 /* SteamBaseAPI+Version.swift */; };
		020860D327304C2300725122 /* TestUtils.swift in Sources */ = {isa = PBXBuildFile; fileRef = 020860D227304C2300725122 /* TestUtils.swift */; };
		020860D52731701700725122 /* TestGenerate.swift in Sources */ = {isa = PBXBuildFile; fileRef = 020860D42731701700725122 /* TestGenerate.swift */; };
		020860D72731B5CC00725122 /* Metadata.swift in Sources */ = {isa = PBXBuildFile; fileRef = 020860D62731B5CC00725122 /* Metadata.swift */; };
		020860D92732B5A600725122 /* Enums.swift in Sources */ = {isa = PBXBuildFile; fileRef = 020860D82732B5A600725122 /* Enums.swift */; };
		020860DB2732BA8900725122 /* Regexp.swift in Sources */ = {isa = PBXBuildFile; fileRef = 020860DA2732BA8900725122 /* Regexp.swift */; };
		020860DD273307C700725122 /* TestNames.swift in Sources */ = {isa = PBXBuildFile; fileRef = 020860DC273307C700725122 /* TestNames.swift */; };
		020860DF27330CD200725122 /* SteamNames.swift in Sources */ = {isa = PBXBuildFile; fileRef = 020860DE27330CD200725122 /* SteamNames.swift */; };
		020860E12734054400725122 /* Enums.swift in Sources */ = {isa = PBXBuildFile; fileRef = 020860E02734054400725122 /* Enums.swift */; };
		020860E42735487600725122 /* Interfaces.swift in Sources */ = {isa = PBXBuildFile; fileRef = 020860E2273547B100725122 /* Interfaces.swift */; };
		020860EB2736F8E700725122 /* SteamFriends.swift in Sources */ = {isa = PBXBuildFile; fileRef = 020860E72735562A00725122 /* SteamFriends.swift */; };
		020860F4273E775200725122 /* Fixtures in Resources */ = {isa = PBXBuildFile; fileRef = 020860F3273E775200725122 /* Fixtures */; };
		020860F6273FE55C00725122 /* Typedefs.swift in Sources */ = {isa = PBXBuildFile; fileRef = 020860F5273FE55C00725122 /* Typedefs.swift */; };
		020860F8273FED5A00725122 /* Typedefs.swift in Sources */ = {isa = PBXBuildFile; fileRef = 020860F7273FED5A00725122 /* Typedefs.swift */; };
		020860FA27403F6E00725122 /* TestTypes.swift in Sources */ = {isa = PBXBuildFile; fileRef = 020860F927403F6E00725122 /* TestTypes.swift */; };
		020860FC274290DE00725122 /* Structs.swift in Sources */ = {isa = PBXBuildFile; fileRef = 020860FB274290DE00725122 /* Structs.swift */; };
		020860FE27451F9B00725122 /* Structs.swift in Sources */ = {isa = PBXBuildFile; fileRef = 02D309E92728145E00DE64F0 /* Structs.swift */; };
		020861002746747F00725122 /* Callbacks.swift in Sources */ = {isa = PBXBuildFile; fileRef = 020860FF2746747E00725122 /* Callbacks.swift */; };
		020861022746CE8000725122 /* Constants.swift in Sources */ = {isa = PBXBuildFile; fileRef = 020861012746CE8000725122 /* Constants.swift */; };
		020861042746D27000725122 /* Constants.swift in Sources */ = {isa = PBXBuildFile; fileRef = 020861032746D27000725122 /* Constants.swift */; };
		0264BCD32865CFBB00AF26D1 /* SteamSwiftTypes.swift in Sources */ = {isa = PBXBuildFile; fileRef = 0264BCD22865CFBB00AF26D1 /* SteamSwiftTypes.swift */; };
		0264BCD52873026B00AF26D1 /* String+Utils.swift in Sources */ = {isa = PBXBuildFile; fileRef = 0264BCD42873026B00AF26D1 /* String+Utils.swift */; };
		027F8375274A681F00963383 /* SteamID.swift in Sources */ = {isa = PBXBuildFile; fileRef = 027F8374274A681F00963383 /* SteamID.swift */; };
		027F8377274BB8E900963383 /* TestSteamID.swift in Sources */ = {isa = PBXBuildFile; fileRef = 027F8376274BB8E900963383 /* TestSteamID.swift */; };
		027F8379274BC05F00963383 /* GameID.swift in Sources */ = {isa = PBXBuildFile; fileRef = 027F8378274BC05F00963383 /* GameID.swift */; };
		027F837B274C0B0500963383 /* SteamUtils.swift in Sources */ = {isa = PBXBuildFile; fileRef = 027F837A274C0B0500963383 /* SteamUtils.swift */; };
		0287442627D8D851008F9638 /* SteamNetworkingFakeUDPPort.swift in Sources */ = {isa = PBXBuildFile; fileRef = 0287442527D8D851008F9638 /* SteamNetworkingFakeUDPPort.swift */; };
		02ABAD1227667EF2003F0A31 /* SteamNetworkingMessages.swift in Sources */ = {isa = PBXBuildFile; fileRef = 02ABAD1127667EF1003F0A31 /* SteamNetworkingMessages.swift */; };
		02ABAD142769013E003F0A31 /* SteamNetworkingUtils.swift in Sources */ = {isa = PBXBuildFile; fileRef = 02ABAD132769013E003F0A31 /* SteamNetworkingUtils.swift */; };
		02ABAD16276B959C003F0A31 /* SteamNetworkingSockets.swift in Sources */ = {isa = PBXBuildFile; fileRef = 02ABAD15276B959B003F0A31 /* SteamNetworkingSockets.swift */; };
		02AD454E274E4AA000BD93ED /* SteamUser.swift in Sources */ = {isa = PBXBuildFile; fileRef = 02AD454D274E4AA000BD93ED /* SteamUser.swift */; };
		02AD4550274E644D00BD93ED /* SteamUserStats.swift in Sources */ = {isa = PBXBuildFile; fileRef = 02AD454F274E644D00BD93ED /* SteamUserStats.swift */; };
		02AD4553274FA54B00BD93ED /* Yams in Frameworks */ = {isa = PBXBuildFile; productRef = 02AD4552274FA54B00BD93ED /* Yams */; };
		02AD4555274FA55600BD93ED /* Yams in Frameworks */ = {isa = PBXBuildFile; productRef = 02AD4554274FA55600BD93ED /* Yams */; };
		02AD4557274FB0CA00BD93ED /* SteamAppList.swift in Sources */ = {isa = PBXBuildFile; fileRef = 02AD4556274FB0CA00BD93ED /* SteamAppList.swift */; };
		02AD4559274FB30700BD93ED /* SteamApps.swift in Sources */ = {isa = PBXBuildFile; fileRef = 02AD4558274FB30700BD93ED /* SteamApps.swift */; };
		02AD455B2750099B00BD93ED /* SteamGameServer.swift in Sources */ = {isa = PBXBuildFile; fileRef = 02AD455A2750099B00BD93ED /* SteamGameServer.swift */; };
		02AD455D27500E5400BD93ED /* ManualStructs.swift in Sources */ = {isa = PBXBuildFile; fileRef = 02AD455C27500E5400BD93ED /* ManualStructs.swift */; };
		02AD45602750E84B00BD93ED /* TestStructs.swift in Sources */ = {isa = PBXBuildFile; fileRef = 02AD455E2750E82900BD93ED /* TestStructs.swift */; };
		02AD45682750F41500BD93ED /* SteamGameServerStats.swift in Sources */ = {isa = PBXBuildFile; fileRef = 02AD45672750F41500BD93ED /* SteamGameServerStats.swift */; };
		02AD456A2750F67500BD93ED /* SteamHTTP.swift in Sources */ = {isa = PBXBuildFile; fileRef = 02AD45692750F67500BD93ED /* SteamHTTP.swift */; };
		02AD456C2751033E00BD93ED /* ManualInterfaces.swift in Sources */ = {isa = PBXBuildFile; fileRef = 02AD456B2751033E00BD93ED /* ManualInterfaces.swift */; };
		02AD456E275106F100BD93ED /* SteamMatchmaking.swift in Sources */ = {isa = PBXBuildFile; fileRef = 02AD456D275106F100BD93ED /* SteamMatchmaking.swift */; };
		02AD457327515CC400BD93ED /* SteamParties.swift in Sources */ = {isa = PBXBuildFile; fileRef = 02AD457227515CC400BD93ED /* SteamParties.swift */; };
		02AD45752752459D00BD93ED /* SteamGameSearch.swift in Sources */ = {isa = PBXBuildFile; fileRef = 02AD45742752459D00BD93ED /* SteamGameSearch.swift */; };
		02AD4577275247C400BD93ED /* SteamMusic.swift in Sources */ = {isa = PBXBuildFile; fileRef = 02AD4576275247C400BD93ED /* SteamMusic.swift */; };
		02AD45792752487C00BD93ED /* SteamMusicRemote.swift in Sources */ = {isa = PBXBuildFile; fileRef = 02AD45782752487C00BD93ED /* SteamMusicRemote.swift */; };
		02AD457B27524CE700BD93ED /* SteamParentalSettings.swift in Sources */ = {isa = PBXBuildFile; fileRef = 02AD457A27524CE700BD93ED /* SteamParentalSettings.swift */; };
		02AD457D27524E6500BD93ED /* SteamRemotePlay.swift in Sources */ = {isa = PBXBuildFile; fileRef = 02AD457C27524E6400BD93ED /* SteamRemotePlay.swift */; };
		02AD457F275251E700BD93ED /* SteamScreenshots.swift in Sources */ = {isa = PBXBuildFile; fileRef = 02AD457E275251E700BD93ED /* SteamScreenshots.swift */; };
		02AD45812752557200BD93ED /* SteamVideo.swift in Sources */ = {isa = PBXBuildFile; fileRef = 02AD45802752557200BD93ED /* SteamVideo.swift */; };
		02AD4583275259B900BD93ED /* SteamHTMLSurface.swift in Sources */ = {isa = PBXBuildFile; fileRef = 02AD4582275259B900BD93ED /* SteamHTMLSurface.swift */; };
		02AD45852753F74300BD93ED /* SteamInput.swift in Sources */ = {isa = PBXBuildFile; fileRef = 02AD45842753F74300BD93ED /* SteamInput.swift */; };
		02AD458727540ED700BD93ED /* SteamInventory.swift in Sources */ = {isa = PBXBuildFile; fileRef = 02AD458627540ED700BD93ED /* SteamInventory.swift */; };
		02AD45892754EFF800BD93ED /* SteamRemoteStorage.swift in Sources */ = {isa = PBXBuildFile; fileRef = 02AD45882754EFF800BD93ED /* SteamRemoteStorage.swift */; };
		02AD458B275636A200BD93ED /* SteamUGC.swift in Sources */ = {isa = PBXBuildFile; fileRef = 02AD458A275636A200BD93ED /* SteamUGC.swift */; };
		02AD45C727578A0500BD93ED /* SteamEncryptedAppTicket.swift in Sources */ = {isa = PBXBuildFile; fileRef = 02AD45C627578A0500BD93ED /* SteamEncryptedAppTicket.swift */; };
		02AD45C827578A5B00BD93ED /* Steamworks.framework in Frameworks */ = {isa = PBXBuildFile; fileRef = "swift-steamworks::Steamworks::Product" /* Steamworks.framework */; };
		02AD45CE27578BD000BD93ED /* libsdkencryptedappticket.dylib in Frameworks */ = {isa = PBXBuildFile; fileRef = 02AD45CD27578BCF00BD93ED /* libsdkencryptedappticket.dylib */; };
		02AD45DF27578D5900BD93ED /* Steamworks.framework in Frameworks */ = {isa = PBXBuildFile; fileRef = "swift-steamworks::Steamworks::Product" /* Steamworks.framework */; };
		02AD45E027578D5900BD93ED /* Steamworks.framework in Embed Frameworks */ = {isa = PBXBuildFile; fileRef = "swift-steamworks::Steamworks::Product" /* Steamworks.framework */; settings = {ATTRIBUTES = (CodeSignOnCopy, RemoveHeadersOnCopy, ); }; };
		02AD45E327578D5900BD93ED /* SteamworksEncryptedAppTicket.framework in Frameworks */ = {isa = PBXBuildFile; fileRef = 02AD45C32757892B00BD93ED /* SteamworksEncryptedAppTicket.framework */; };
		02AD45E427578D5900BD93ED /* SteamworksEncryptedAppTicket.framework in Embed Frameworks */ = {isa = PBXBuildFile; fileRef = 02AD45C32757892B00BD93ED /* SteamworksEncryptedAppTicket.framework */; settings = {ATTRIBUTES = (CodeSignOnCopy, RemoveHeadersOnCopy, ); }; };
		02AD45E827578D6300BD93ED /* TicketClient.swift in Sources */ = {isa = PBXBuildFile; fileRef = 02AD45D327578CB000BD93ED /* TicketClient.swift */; };
		02AD45EC2757A9BC00BD93ED /* SteamMatchmakingServers.swift in Sources */ = {isa = PBXBuildFile; fileRef = 02AD45EB2757A9BC00BD93ED /* SteamMatchmakingServers.swift */; };
		02AD45EE2758026700BD93ED /* SteamMatchmakingServers+Manual.swift in Sources */ = {isa = PBXBuildFile; fileRef = 02AD45ED2758026700BD93ED /* SteamMatchmakingServers+Manual.swift */; };
		02B81AFD2879A04D00780A57 /* Steamworks.framework in Frameworks */ = {isa = PBXBuildFile; fileRef = "swift-steamworks::Steamworks::Product" /* Steamworks.framework */; };
		02B81AFE2879A04D00780A57 /* Steamworks.framework in Embed Frameworks */ = {isa = PBXBuildFile; fileRef = "swift-steamworks::Steamworks::Product" /* Steamworks.framework */; settings = {ATTRIBUTES = (CodeSignOnCopy, RemoveHeadersOnCopy, ); }; };
		02B81B032879A0B400780A57 /* SteamAppList+Helpers.swift in Sources */ = {isa = PBXBuildFile; fileRef = 02B81B022879A0B400780A57 /* SteamAppList+Helpers.swift */; };
		02B81B062879A54900780A57 /* SteamFriends+Helpers.swift in Sources */ = {isa = PBXBuildFile; fileRef = 02B81B052879A54900780A57 /* SteamFriends+Helpers.swift */; };
		02B81B08287AC08400780A57 /* SteamInventory+Helpers.swift in Sources */ = {isa = PBXBuildFile; fileRef = 02B81B07287AC08400780A57 /* SteamInventory+Helpers.swift */; };
		02D309D72722C49B00DE64F0 /* SteamAPI.swift in Sources */ = {isa = PBXBuildFile; fileRef = 02D309D62722C49B00DE64F0 /* SteamAPI.swift */; };
		02D309D82722C55E00DE64F0 /* Steamworks.framework in Frameworks */ = {isa = PBXBuildFile; fileRef = "swift-steamworks::Steamworks::Product" /* Steamworks.framework */; };
		02D309D92722C55E00DE64F0 /* Steamworks.framework in Embed Frameworks */ = {isa = PBXBuildFile; fileRef = "swift-steamworks::Steamworks::Product" /* Steamworks.framework */; settings = {ATTRIBUTES = (CodeSignOnCopy, RemoveHeadersOnCopy, ); }; };
		02D309DE2722D81E00DE64F0 /* SteamBaseAPI.swift in Sources */ = {isa = PBXBuildFile; fileRef = 02D309DD2722D81E00DE64F0 /* SteamBaseAPI.swift */; };
		02D309E32728111A00DE64F0 /* Lock.swift in Sources */ = {isa = PBXBuildFile; fileRef = 02D309E22728111A00DE64F0 /* Lock.swift */; };
		02D309E52728122600DE64F0 /* TypeUtils.swift in Sources */ = {isa = PBXBuildFile; fileRef = 02D309E42728122600DE64F0 /* TypeUtils.swift */; };
		02D309E8272813D000DE64F0 /* SteamBaseAPI+Callbacks.swift in Sources */ = {isa = PBXBuildFile; fileRef = 02D309E7272813CF00DE64F0 /* SteamBaseAPI+Callbacks.swift */; };
		02D309EE272969B900DE64F0 /* libsteam_api.dylib in CopyFiles */ = {isa = PBXBuildFile; fileRef = 02D309D3272181D900DE64F0 /* libsteam_api.dylib */; settings = {ATTRIBUTES = (CodeSignOnCopy, ); }; };
		02D309F02729730A00DE64F0 /* SteamGameServerAPI.swift in Sources */ = {isa = PBXBuildFile; fileRef = 02D309EF2729730A00DE64F0 /* SteamGameServerAPI.swift */; };
		OBJ_33 /* Client.swift in Sources */ = {isa = PBXBuildFile; fileRef = OBJ_12 /* Client.swift */; };
		OBJ_47 /* TestCallbacks.swift in Sources */ = {isa = PBXBuildFile; fileRef = OBJ_17 /* TestCallbacks.swift */; };
		OBJ_49 /* Steamworks.framework in Frameworks */ = {isa = PBXBuildFile; fileRef = "swift-steamworks::Steamworks::Product" /* Steamworks.framework */; };
/* End PBXBuildFile section */

/* Begin PBXContainerItemProxy section */
		020860C72730485900725122 /* PBXContainerItemProxy */ = {
			isa = PBXContainerItemProxy;
			containerPortal = OBJ_1 /* Project object */;
			proxyType = 1;
			remoteGlobalIDString = 020860AD273047D100725122;
			remoteInfo = LibGenerate;
		};
		02AD45CA27578A5B00BD93ED /* PBXContainerItemProxy */ = {
			isa = PBXContainerItemProxy;
			containerPortal = OBJ_1 /* Project object */;
			proxyType = 1;
			remoteGlobalIDString = "swift-steamworks::Steamworks";
			remoteInfo = Steamworks;
		};
		02AD45E127578D5900BD93ED /* PBXContainerItemProxy */ = {
			isa = PBXContainerItemProxy;
			containerPortal = OBJ_1 /* Project object */;
			proxyType = 1;
			remoteGlobalIDString = "swift-steamworks::Steamworks";
			remoteInfo = Steamworks;
		};
		02AD45E527578D5900BD93ED /* PBXContainerItemProxy */ = {
			isa = PBXContainerItemProxy;
			containerPortal = OBJ_1 /* Project object */;
			proxyType = 1;
			remoteGlobalIDString = 02AD458E2757892B00BD93ED;
			remoteInfo = SteamworksEncryptedAppTicket;
		};
		02B81AFB2879A00D00780A57 /* PBXContainerItemProxy */ = {
			isa = PBXContainerItemProxy;
			containerPortal = OBJ_1 /* Project object */;
			proxyType = 1;
			remoteGlobalIDString = "swift-steamworks::Steamworks";
			remoteInfo = Steamworks;
		};
		02B81AFF2879A04D00780A57 /* PBXContainerItemProxy */ = {
			isa = PBXContainerItemProxy;
			containerPortal = OBJ_1 /* Project object */;
			proxyType = 1;
			remoteGlobalIDString = "swift-steamworks::Steamworks";
			remoteInfo = Steamworks;
		};
		02D309CC27200D9300DE64F0 /* PBXContainerItemProxy */ = {
			isa = PBXContainerItemProxy;
			containerPortal = OBJ_1 /* Project object */;
			proxyType = 1;
			remoteGlobalIDString = "swift-steamworks::Steamworks";
			remoteInfo = Steamworks;
		};
		02D309DA2722C55E00DE64F0 /* PBXContainerItemProxy */ = {
			isa = PBXContainerItemProxy;
			containerPortal = OBJ_1 /* Project object */;
			proxyType = 1;
			remoteGlobalIDString = "swift-steamworks::Steamworks";
			remoteInfo = Steamworks;
		};
/* End PBXContainerItemProxy section */

/* Begin PBXCopyFilesBuildPhase section */
		020860BB2730485000725122 /* CopyFiles */ = {
			isa = PBXCopyFilesBuildPhase;
			buildActionMask = 2147483647;
			dstPath = /usr/share/man/man1/;
			dstSubfolderSpec = 0;
			files = (
			);
			runOnlyForDeploymentPostprocessing = 1;
		};
		020860C92730485900725122 /* Embed Frameworks */ = {
			isa = PBXCopyFilesBuildPhase;
			buildActionMask = 2147483647;
			dstPath = "";
			dstSubfolderSpec = 10;
			files = (
				020860C62730485900725122 /* LibGenerate.framework in Embed Frameworks */,
			);
			name = "Embed Frameworks";
			runOnlyForDeploymentPostprocessing = 0;
		};
		02AD45D627578D3C00BD93ED /* CopyFiles */ = {
			isa = PBXCopyFilesBuildPhase;
			buildActionMask = 2147483647;
			dstPath = /usr/share/man/man1/;
			dstSubfolderSpec = 0;
			files = (
			);
			runOnlyForDeploymentPostprocessing = 1;
		};
		02AD45E727578D5900BD93ED /* Embed Frameworks */ = {
			isa = PBXCopyFilesBuildPhase;
			buildActionMask = 2147483647;
			dstPath = "";
			dstSubfolderSpec = 10;
			files = (
				02AD45E027578D5900BD93ED /* Steamworks.framework in Embed Frameworks */,
				02AD45E427578D5900BD93ED /* SteamworksEncryptedAppTicket.framework in Embed Frameworks */,
			);
			name = "Embed Frameworks";
			runOnlyForDeploymentPostprocessing = 0;
		};
		02B81B012879A04D00780A57 /* Embed Frameworks */ = {
			isa = PBXCopyFilesBuildPhase;
			buildActionMask = 2147483647;
			dstPath = "";
			dstSubfolderSpec = 10;
			files = (
				02B81AFE2879A04D00780A57 /* Steamworks.framework in Embed Frameworks */,
			);
			name = "Embed Frameworks";
			runOnlyForDeploymentPostprocessing = 0;
		};
		02D309DC2722C55F00DE64F0 /* Embed Frameworks */ = {
			isa = PBXCopyFilesBuildPhase;
			buildActionMask = 2147483647;
			dstPath = "";
			dstSubfolderSpec = 10;
			files = (
				02D309D92722C55E00DE64F0 /* Steamworks.framework in Embed Frameworks */,
			);
			name = "Embed Frameworks";
			runOnlyForDeploymentPostprocessing = 0;
		};
		02D309ED272969AD00DE64F0 /* CopyFiles */ = {
			isa = PBXCopyFilesBuildPhase;
			buildActionMask = 2147483647;
			dstPath = "";
			dstSubfolderSpec = 6;
			files = (
				02D309EE272969B900DE64F0 /* libsteam_api.dylib in CopyFiles */,
			);
			runOnlyForDeploymentPostprocessing = 0;
		};
/* End PBXCopyFilesBuildPhase section */

/* Begin PBXFileReference section */
		02071237276146B1000D5B4A /* Generated */ = {isa = PBXFileReference; lastKnownFileType = folder; path = Generated; sourceTree = "<group>"; };
		020860A1272EBEC500725122 /* IO.swift */ = {isa = PBXFileReference; lastKnownFileType = sourcecode.swift; path = IO.swift; sourceTree = "<group>"; };
		020860A3272EBEE800725122 /* Generator.swift */ = {isa = PBXFileReference; lastKnownFileType = sourcecode.swift; path = Generator.swift; sourceTree = "<group>"; };
		020860A527300E5F00725122 /* Version.swift */ = {isa = PBXFileReference; lastKnownFileType = sourcecode.swift; path = Version.swift; sourceTree = "<group>"; };
		020860A7273014B900725122 /* TestVersion.swift */ = {isa = PBXFileReference; lastKnownFileType = sourcecode.swift; path = TestVersion.swift; sourceTree = "<group>"; };
		020860AE273047D100725122 /* LibGenerate.framework */ = {isa = PBXFileReference; explicitFileType = wrapper.framework; includeInIndex = 0; path = LibGenerate.framework; sourceTree = BUILT_PRODUCTS_DIR; };
		020860BD2730485000725122 /* Generate */ = {isa = PBXFileReference; explicitFileType = "compiled.mach-o.executable"; includeInIndex = 0; path = Generate; sourceTree = BUILT_PRODUCTS_DIR; };
		020860BF2730485000725122 /* main.swift */ = {isa = PBXFileReference; lastKnownFileType = sourcecode.swift; path = main.swift; sourceTree = "<group>"; };
		020860CC273048EE00725122 /* Errors.swift */ = {isa = PBXFileReference; lastKnownFileType = sourcecode.swift; path = Errors.swift; sourceTree = "<group>"; };
		020860CF2730493300725122 /* SteamBaseAPI+Version.swift */ = {isa = PBXFileReference; fileEncoding = 4; lastKnownFileType = sourcecode.swift; path = "SteamBaseAPI+Version.swift"; sourceTree = "<group>"; };
		020860D227304C2300725122 /* TestUtils.swift */ = {isa = PBXFileReference; lastKnownFileType = sourcecode.swift; path = TestUtils.swift; sourceTree = "<group>"; };
		020860D42731701700725122 /* TestGenerate.swift */ = {isa = PBXFileReference; lastKnownFileType = sourcecode.swift; path = TestGenerate.swift; sourceTree = "<group>"; };
		020860D62731B5CC00725122 /* Metadata.swift */ = {isa = PBXFileReference; lastKnownFileType = sourcecode.swift; path = Metadata.swift; sourceTree = "<group>"; };
		020860D82732B5A600725122 /* Enums.swift */ = {isa = PBXFileReference; lastKnownFileType = sourcecode.swift; path = Enums.swift; sourceTree = "<group>"; };
		020860DA2732BA8900725122 /* Regexp.swift */ = {isa = PBXFileReference; lastKnownFileType = sourcecode.swift; path = Regexp.swift; sourceTree = "<group>"; };
		020860DC273307C700725122 /* TestNames.swift */ = {isa = PBXFileReference; lastKnownFileType = sourcecode.swift; path = TestNames.swift; sourceTree = "<group>"; };
		020860DE27330CD200725122 /* SteamNames.swift */ = {isa = PBXFileReference; lastKnownFileType = sourcecode.swift; path = SteamNames.swift; sourceTree = "<group>"; };
		020860E02734054400725122 /* Enums.swift */ = {isa = PBXFileReference; fileEncoding = 4; lastKnownFileType = sourcecode.swift; path = Enums.swift; sourceTree = "<group>"; };
		020860E2273547B100725122 /* Interfaces.swift */ = {isa = PBXFileReference; lastKnownFileType = sourcecode.swift; path = Interfaces.swift; sourceTree = "<group>"; };
		020860E72735562A00725122 /* SteamFriends.swift */ = {isa = PBXFileReference; fileEncoding = 4; lastKnownFileType = sourcecode.swift; path = SteamFriends.swift; sourceTree = "<group>"; };
		020860EC273D2CC500725122 /* Resources */ = {isa = PBXFileReference; lastKnownFileType = folder; path = Resources; sourceTree = "<group>"; };
		020860F3273E775200725122 /* Fixtures */ = {isa = PBXFileReference; lastKnownFileType = folder; path = Fixtures; sourceTree = "<group>"; };
		020860F5273FE55C00725122 /* Typedefs.swift */ = {isa = PBXFileReference; lastKnownFileType = sourcecode.swift; path = Typedefs.swift; sourceTree = "<group>"; };
		020860F7273FED5A00725122 /* Typedefs.swift */ = {isa = PBXFileReference; fileEncoding = 4; lastKnownFileType = sourcecode.swift; path = Typedefs.swift; sourceTree = "<group>"; };
		020860F927403F6E00725122 /* TestTypes.swift */ = {isa = PBXFileReference; lastKnownFileType = sourcecode.swift; path = TestTypes.swift; sourceTree = "<group>"; };
		020860FB274290DE00725122 /* Structs.swift */ = {isa = PBXFileReference; lastKnownFileType = sourcecode.swift; path = Structs.swift; sourceTree = "<group>"; };
		020860FF2746747E00725122 /* Callbacks.swift */ = {isa = PBXFileReference; lastKnownFileType = sourcecode.swift; path = Callbacks.swift; sourceTree = "<group>"; };
		020861012746CE8000725122 /* Constants.swift */ = {isa = PBXFileReference; lastKnownFileType = sourcecode.swift; path = Constants.swift; sourceTree = "<group>"; };
		020861032746D27000725122 /* Constants.swift */ = {isa = PBXFileReference; fileEncoding = 4; lastKnownFileType = sourcecode.swift; path = Constants.swift; sourceTree = "<group>"; };
		0264BCD22865CFBB00AF26D1 /* SteamSwiftTypes.swift */ = {isa = PBXFileReference; lastKnownFileType = sourcecode.swift; path = SteamSwiftTypes.swift; sourceTree = "<group>"; };
		0264BCD42873026B00AF26D1 /* String+Utils.swift */ = {isa = PBXFileReference; lastKnownFileType = sourcecode.swift; path = "String+Utils.swift"; sourceTree = "<group>"; };
		027F8374274A681F00963383 /* SteamID.swift */ = {isa = PBXFileReference; lastKnownFileType = sourcecode.swift; path = SteamID.swift; sourceTree = "<group>"; };
		027F8376274BB8E900963383 /* TestSteamID.swift */ = {isa = PBXFileReference; lastKnownFileType = sourcecode.swift; path = TestSteamID.swift; sourceTree = "<group>"; };
		027F8378274BC05F00963383 /* GameID.swift */ = {isa = PBXFileReference; lastKnownFileType = sourcecode.swift; path = GameID.swift; sourceTree = "<group>"; };
		027F837A274C0B0500963383 /* SteamUtils.swift */ = {isa = PBXFileReference; fileEncoding = 4; lastKnownFileType = sourcecode.swift; path = SteamUtils.swift; sourceTree = "<group>"; };
		0287442527D8D851008F9638 /* SteamNetworkingFakeUDPPort.swift */ = {isa = PBXFileReference; fileEncoding = 4; lastKnownFileType = sourcecode.swift; path = SteamNetworkingFakeUDPPort.swift; sourceTree = "<group>"; };
		02ABAD1027650F9D003F0A31 /* steam_networking_shims.h */ = {isa = PBXFileReference; lastKnownFileType = sourcecode.c.h; path = steam_networking_shims.h; sourceTree = "<group>"; };
		02ABAD1127667EF1003F0A31 /* SteamNetworkingMessages.swift */ = {isa = PBXFileReference; fileEncoding = 4; lastKnownFileType = sourcecode.swift; path = SteamNetworkingMessages.swift; sourceTree = "<group>"; };
		02ABAD132769013E003F0A31 /* SteamNetworkingUtils.swift */ = {isa = PBXFileReference; fileEncoding = 4; lastKnownFileType = sourcecode.swift; path = SteamNetworkingUtils.swift; sourceTree = "<group>"; };
		02ABAD15276B959B003F0A31 /* SteamNetworkingSockets.swift */ = {isa = PBXFileReference; fileEncoding = 4; lastKnownFileType = sourcecode.swift; path = SteamNetworkingSockets.swift; sourceTree = "<group>"; };
		02AD454D274E4AA000BD93ED /* SteamUser.swift */ = {isa = PBXFileReference; fileEncoding = 4; lastKnownFileType = sourcecode.swift; path = SteamUser.swift; sourceTree = "<group>"; };
		02AD454F274E644D00BD93ED /* SteamUserStats.swift */ = {isa = PBXFileReference; fileEncoding = 4; lastKnownFileType = sourcecode.swift; path = SteamUserStats.swift; sourceTree = "<group>"; };
		02AD4556274FB0CA00BD93ED /* SteamAppList.swift */ = {isa = PBXFileReference; fileEncoding = 4; lastKnownFileType = sourcecode.swift; path = SteamAppList.swift; sourceTree = "<group>"; };
		02AD4558274FB30700BD93ED /* SteamApps.swift */ = {isa = PBXFileReference; fileEncoding = 4; lastKnownFileType = sourcecode.swift; path = SteamApps.swift; sourceTree = "<group>"; };
		02AD455A2750099B00BD93ED /* SteamGameServer.swift */ = {isa = PBXFileReference; fileEncoding = 4; lastKnownFileType = sourcecode.swift; path = SteamGameServer.swift; sourceTree = "<group>"; };
		02AD455C27500E5400BD93ED /* ManualStructs.swift */ = {isa = PBXFileReference; lastKnownFileType = sourcecode.swift; path = ManualStructs.swift; sourceTree = "<group>"; };
		02AD455E2750E82900BD93ED /* TestStructs.swift */ = {isa = PBXFileReference; lastKnownFileType = sourcecode.swift; path = TestStructs.swift; sourceTree = "<group>"; };
		02AD45672750F41500BD93ED /* SteamGameServerStats.swift */ = {isa = PBXFileReference; fileEncoding = 4; lastKnownFileType = sourcecode.swift; path = SteamGameServerStats.swift; sourceTree = "<group>"; };
		02AD45692750F67500BD93ED /* SteamHTTP.swift */ = {isa = PBXFileReference; fileEncoding = 4; lastKnownFileType = sourcecode.swift; path = SteamHTTP.swift; sourceTree = "<group>"; };
		02AD456B2751033E00BD93ED /* ManualInterfaces.swift */ = {isa = PBXFileReference; lastKnownFileType = sourcecode.swift; path = ManualInterfaces.swift; sourceTree = "<group>"; };
		02AD456D275106F100BD93ED /* SteamMatchmaking.swift */ = {isa = PBXFileReference; fileEncoding = 4; lastKnownFileType = sourcecode.swift; path = SteamMatchmaking.swift; sourceTree = "<group>"; };
		02AD45712751565E00BD93ED /* steam_missing.h */ = {isa = PBXFileReference; lastKnownFileType = sourcecode.c.h; path = steam_missing.h; sourceTree = "<group>"; };
		02AD457227515CC400BD93ED /* SteamParties.swift */ = {isa = PBXFileReference; fileEncoding = 4; lastKnownFileType = sourcecode.swift; path = SteamParties.swift; sourceTree = "<group>"; };
		02AD45742752459D00BD93ED /* SteamGameSearch.swift */ = {isa = PBXFileReference; fileEncoding = 4; lastKnownFileType = sourcecode.swift; path = SteamGameSearch.swift; sourceTree = "<group>"; };
		02AD4576275247C400BD93ED /* SteamMusic.swift */ = {isa = PBXFileReference; fileEncoding = 4; lastKnownFileType = sourcecode.swift; path = SteamMusic.swift; sourceTree = "<group>"; };
		02AD45782752487C00BD93ED /* SteamMusicRemote.swift */ = {isa = PBXFileReference; fileEncoding = 4; lastKnownFileType = sourcecode.swift; path = SteamMusicRemote.swift; sourceTree = "<group>"; };
		02AD457A27524CE700BD93ED /* SteamParentalSettings.swift */ = {isa = PBXFileReference; fileEncoding = 4; lastKnownFileType = sourcecode.swift; path = SteamParentalSettings.swift; sourceTree = "<group>"; };
		02AD457C27524E6400BD93ED /* SteamRemotePlay.swift */ = {isa = PBXFileReference; fileEncoding = 4; lastKnownFileType = sourcecode.swift; path = SteamRemotePlay.swift; sourceTree = "<group>"; };
		02AD457E275251E700BD93ED /* SteamScreenshots.swift */ = {isa = PBXFileReference; fileEncoding = 4; lastKnownFileType = sourcecode.swift; path = SteamScreenshots.swift; sourceTree = "<group>"; };
		02AD45802752557200BD93ED /* SteamVideo.swift */ = {isa = PBXFileReference; fileEncoding = 4; lastKnownFileType = sourcecode.swift; path = SteamVideo.swift; sourceTree = "<group>"; };
		02AD4582275259B900BD93ED /* SteamHTMLSurface.swift */ = {isa = PBXFileReference; fileEncoding = 4; lastKnownFileType = sourcecode.swift; path = SteamHTMLSurface.swift; sourceTree = "<group>"; };
		02AD45842753F74300BD93ED /* SteamInput.swift */ = {isa = PBXFileReference; fileEncoding = 4; lastKnownFileType = sourcecode.swift; path = SteamInput.swift; sourceTree = "<group>"; };
		02AD458627540ED700BD93ED /* SteamInventory.swift */ = {isa = PBXFileReference; fileEncoding = 4; lastKnownFileType = sourcecode.swift; path = SteamInventory.swift; sourceTree = "<group>"; };
		02AD45882754EFF800BD93ED /* SteamRemoteStorage.swift */ = {isa = PBXFileReference; fileEncoding = 4; lastKnownFileType = sourcecode.swift; path = SteamRemoteStorage.swift; sourceTree = "<group>"; };
		02AD458A275636A200BD93ED /* SteamUGC.swift */ = {isa = PBXFileReference; fileEncoding = 4; lastKnownFileType = sourcecode.swift; path = SteamUGC.swift; sourceTree = "<group>"; };
		02AD45C32757892B00BD93ED /* SteamworksEncryptedAppTicket.framework */ = {isa = PBXFileReference; explicitFileType = wrapper.framework; includeInIndex = 0; path = SteamworksEncryptedAppTicket.framework; sourceTree = BUILT_PRODUCTS_DIR; };
		02AD45C627578A0500BD93ED /* SteamEncryptedAppTicket.swift */ = {isa = PBXFileReference; fileEncoding = 4; lastKnownFileType = sourcecode.swift; path = SteamEncryptedAppTicket.swift; sourceTree = "<group>"; };
		02AD45CD27578BCF00BD93ED /* libsdkencryptedappticket.dylib */ = {isa = PBXFileReference; lastKnownFileType = "compiled.mach-o.dylib"; name = libsdkencryptedappticket.dylib; path = sdk/public/steam/lib/osx/libsdkencryptedappticket.dylib; sourceTree = "<group>"; };
		02AD45D027578C2700BD93ED /* steamworksencryptedappticket_headers.h */ = {isa = PBXFileReference; lastKnownFileType = sourcecode.c.h; path = steamworksencryptedappticket_headers.h; sourceTree = "<group>"; };
		02AD45D127578C2700BD93ED /* module.modulemap */ = {isa = PBXFileReference; lastKnownFileType = "sourcecode.module-map"; path = module.modulemap; sourceTree = "<group>"; };
		02AD45D327578CB000BD93ED /* TicketClient.swift */ = {isa = PBXFileReference; lastKnownFileType = sourcecode.swift; path = TicketClient.swift; sourceTree = "<group>"; };
		02AD45D827578D3C00BD93ED /* TicketClient */ = {isa = PBXFileReference; explicitFileType = "compiled.mach-o.executable"; includeInIndex = 0; path = TicketClient; sourceTree = BUILT_PRODUCTS_DIR; };
		02AD45EB2757A9BC00BD93ED /* SteamMatchmakingServers.swift */ = {isa = PBXFileReference; fileEncoding = 4; lastKnownFileType = sourcecode.swift; path = SteamMatchmakingServers.swift; sourceTree = "<group>"; };
		02AD45ED2758026700BD93ED /* SteamMatchmakingServers+Manual.swift */ = {isa = PBXFileReference; lastKnownFileType = sourcecode.swift; path = "SteamMatchmakingServers+Manual.swift"; sourceTree = "<group>"; };
		02AD45EF2758F01100BD93ED /* steam_matchmaking_shims.h */ = {isa = PBXFileReference; lastKnownFileType = sourcecode.c.h; path = steam_matchmaking_shims.h; sourceTree = "<group>"; };
		02B81AFA28799FEE00780A57 /* SteamworksHelpers.framework */ = {isa = PBXFileReference; explicitFileType = wrapper.framework; includeInIndex = 0; path = SteamworksHelpers.framework; sourceTree = BUILT_PRODUCTS_DIR; };
		02B81B022879A0B400780A57 /* SteamAppList+Helpers.swift */ = {isa = PBXFileReference; fileEncoding = 4; lastKnownFileType = sourcecode.swift; path = "SteamAppList+Helpers.swift"; sourceTree = "<group>"; };
		02B81B052879A54900780A57 /* SteamFriends+Helpers.swift */ = {isa = PBXFileReference; lastKnownFileType = sourcecode.swift; path = "SteamFriends+Helpers.swift"; sourceTree = "<group>"; };
		02B81B07287AC08400780A57 /* SteamInventory+Helpers.swift */ = {isa = PBXFileReference; lastKnownFileType = sourcecode.swift; path = "SteamInventory+Helpers.swift"; sourceTree = "<group>"; };
		02D309D3272181D900DE64F0 /* libsteam_api.dylib */ = {isa = PBXFileReference; lastKnownFileType = "compiled.mach-o.dylib"; name = libsteam_api.dylib; path = sdk/redistributable_bin/osx/libsteam_api.dylib; sourceTree = "<group>"; };
		02D309D62722C49B00DE64F0 /* SteamAPI.swift */ = {isa = PBXFileReference; lastKnownFileType = sourcecode.swift; path = SteamAPI.swift; sourceTree = "<group>"; };
		02D309DD2722D81E00DE64F0 /* SteamBaseAPI.swift */ = {isa = PBXFileReference; lastKnownFileType = sourcecode.swift; path = SteamBaseAPI.swift; sourceTree = "<group>"; };
		02D309E22728111A00DE64F0 /* Lock.swift */ = {isa = PBXFileReference; lastKnownFileType = sourcecode.swift; path = Lock.swift; sourceTree = "<group>"; };
		02D309E42728122600DE64F0 /* TypeUtils.swift */ = {isa = PBXFileReference; lastKnownFileType = sourcecode.swift; path = TypeUtils.swift; sourceTree = "<group>"; };
		02D309E7272813CF00DE64F0 /* SteamBaseAPI+Callbacks.swift */ = {isa = PBXFileReference; lastKnownFileType = sourcecode.swift; path = "SteamBaseAPI+Callbacks.swift"; sourceTree = "<group>"; };
		02D309E92728145E00DE64F0 /* Structs.swift */ = {isa = PBXFileReference; lastKnownFileType = sourcecode.swift; path = Structs.swift; sourceTree = "<group>"; };
		02D309EF2729730A00DE64F0 /* SteamGameServerAPI.swift */ = {isa = PBXFileReference; lastKnownFileType = sourcecode.swift; path = SteamGameServerAPI.swift; sourceTree = "<group>"; };
		OBJ_10 /* module.modulemap */ = {isa = PBXFileReference; lastKnownFileType = "sourcecode.module-map"; path = module.modulemap; sourceTree = "<group>"; };
		OBJ_12 /* Client.swift */ = {isa = PBXFileReference; lastKnownFileType = sourcecode.swift; path = Client.swift; sourceTree = "<group>"; };
		OBJ_17 /* TestCallbacks.swift */ = {isa = PBXFileReference; lastKnownFileType = sourcecode.swift; path = TestCallbacks.swift; sourceTree = "<group>"; };
		OBJ_24 /* sdk */ = {isa = PBXFileReference; lastKnownFileType = folder; path = sdk; sourceTree = SOURCE_ROOT; };
		OBJ_25 /* LICENSE */ = {isa = PBXFileReference; lastKnownFileType = text; path = LICENSE; sourceTree = "<group>"; };
		OBJ_26 /* Makefile */ = {isa = PBXFileReference; lastKnownFileType = sourcecode.make; path = Makefile; sourceTree = "<group>"; };
		OBJ_27 /* README.md */ = {isa = PBXFileReference; lastKnownFileType = net.daringfireball.markdown; path = README.md; sourceTree = "<group>"; };
		OBJ_6 /* Package.swift */ = {isa = PBXFileReference; explicitFileType = sourcecode.swift; path = Package.swift; sourceTree = "<group>"; };
		OBJ_9 /* steamapi_headers.h */ = {isa = PBXFileReference; lastKnownFileType = sourcecode.c.h; path = steamapi_headers.h; sourceTree = "<group>"; };
		"swift-steamworks::Demo::Product" /* Client */ = {isa = PBXFileReference; explicitFileType = "compiled.mach-o.executable"; path = Client; sourceTree = BUILT_PRODUCTS_DIR; };
		"swift-steamworks::Steamworks::Product" /* Steamworks.framework */ = {isa = PBXFileReference; explicitFileType = wrapper.framework; path = Steamworks.framework; sourceTree = BUILT_PRODUCTS_DIR; };
		"swift-steamworks::SteamworksTests::Product" /* SteamworksTests.xctest */ = {isa = PBXFileReference; explicitFileType = wrapper.cfbundle; path = SteamworksTests.xctest; sourceTree = BUILT_PRODUCTS_DIR; };
/* End PBXFileReference section */

/* Begin PBXFrameworksBuildPhase section */
		020860AB273047D100725122 /* Frameworks */ = {
			isa = PBXFrameworksBuildPhase;
			buildActionMask = 2147483647;
			files = (
				02AD4555274FA55600BD93ED /* Yams in Frameworks */,
			);
			runOnlyForDeploymentPostprocessing = 0;
		};
		020860BA2730485000725122 /* Frameworks */ = {
			isa = PBXFrameworksBuildPhase;
			buildActionMask = 2147483647;
			files = (
				020860C52730485900725122 /* LibGenerate.framework in Frameworks */,
			);
			runOnlyForDeploymentPostprocessing = 0;
		};
		02AD45BB2757892B00BD93ED /* Frameworks */ = {
			isa = PBXFrameworksBuildPhase;
			buildActionMask = 0;
			files = (
				02AD45CE27578BD000BD93ED /* libsdkencryptedappticket.dylib in Frameworks */,
				02AD45C827578A5B00BD93ED /* Steamworks.framework in Frameworks */,
			);
			runOnlyForDeploymentPostprocessing = 0;
		};
		02AD45D527578D3C00BD93ED /* Frameworks */ = {
			isa = PBXFrameworksBuildPhase;
			buildActionMask = 2147483647;
			files = (
				02AD45DF27578D5900BD93ED /* Steamworks.framework in Frameworks */,
				02AD45E327578D5900BD93ED /* SteamworksEncryptedAppTicket.framework in Frameworks */,
			);
			runOnlyForDeploymentPostprocessing = 0;
		};
		02B81AF328799FEE00780A57 /* Frameworks */ = {
			isa = PBXFrameworksBuildPhase;
			buildActionMask = 2147483647;
			files = (
				02B81AFD2879A04D00780A57 /* Steamworks.framework in Frameworks */,
			);
			runOnlyForDeploymentPostprocessing = 0;
		};
		OBJ_34 /* Frameworks */ = {
			isa = PBXFrameworksBuildPhase;
			buildActionMask = 0;
			files = (
				02D309D82722C55E00DE64F0 /* Steamworks.framework in Frameworks */,
			);
			runOnlyForDeploymentPostprocessing = 0;
		};
		OBJ_41 /* Frameworks */ = {
			isa = PBXFrameworksBuildPhase;
			buildActionMask = 0;
			files = (
				02AD4553274FA54B00BD93ED /* Yams in Frameworks */,
				02086095272C194A00725122 /* Logging in Frameworks */,
			);
			runOnlyForDeploymentPostprocessing = 0;
		};
		OBJ_48 /* Frameworks */ = {
			isa = PBXFrameworksBuildPhase;
			buildActionMask = 0;
			files = (
				020860CA2730486A00725122 /* LibGenerate.framework in Frameworks */,
				OBJ_49 /* Steamworks.framework in Frameworks */,
			);
			runOnlyForDeploymentPostprocessing = 0;
		};
/* End PBXFrameworksBuildPhase section */

/* Begin PBXGroup section */
		0208609B272EB98600725122 /* LibGenerate */ = {
			isa = PBXGroup;
			children = (
				020860A3272EBEE800725122 /* Generator.swift */,
				020860A1272EBEC500725122 /* IO.swift */,
				020860D62731B5CC00725122 /* Metadata.swift */,
				0264BCD42873026B00AF26D1 /* String+Utils.swift */,
				020860DE27330CD200725122 /* SteamNames.swift */,
				0264BCD22865CFBB00AF26D1 /* SteamSwiftTypes.swift */,
				020860A527300E5F00725122 /* Version.swift */,
				020860F5273FE55C00725122 /* Typedefs.swift */,
				020861012746CE8000725122 /* Constants.swift */,
				020860D82732B5A600725122 /* Enums.swift */,
				020860FB274290DE00725122 /* Structs.swift */,
				020860E2273547B100725122 /* Interfaces.swift */,
				020860FF2746747E00725122 /* Callbacks.swift */,
				020860DA2732BA8900725122 /* Regexp.swift */,
				020860CC273048EE00725122 /* Errors.swift */,
				020860EC273D2CC500725122 /* Resources */,
			);
			name = LibGenerate;
			path = Sources/LibGenerate;
			sourceTree = SOURCE_ROOT;
		};
		020860BE2730485000725122 /* Generate */ = {
			isa = PBXGroup;
			children = (
				020860BF2730485000725122 /* main.swift */,
			);
			name = Generate;
			path = Sources/Generate;
			sourceTree = SOURCE_ROOT;
		};
		020860C42730485900725122 /* Frameworks */ = {
			isa = PBXGroup;
			children = (
			);
			name = Frameworks;
			sourceTree = "<group>";
		};
		02AD45C527578A0500BD93ED /* SteamworksEncryptedAppTicket */ = {
			isa = PBXGroup;
			children = (
				02AD45C627578A0500BD93ED /* SteamEncryptedAppTicket.swift */,
			);
			name = SteamworksEncryptedAppTicket;
			path = Sources/SteamworksEncryptedAppTicket;
			sourceTree = SOURCE_ROOT;
		};
		02AD45CF27578C2700BD93ED /* CSteamworksEncryptedAppTicket */ = {
			isa = PBXGroup;
			children = (
				02AD45D027578C2700BD93ED /* steamworksencryptedappticket_headers.h */,
				02AD45D127578C2700BD93ED /* module.modulemap */,
			);
			name = CSteamworksEncryptedAppTicket;
			path = Sources/CSteamworksEncryptedAppTicket;
			sourceTree = SOURCE_ROOT;
		};
		02AD45D227578CB000BD93ED /* TicketClient */ = {
			isa = PBXGroup;
			children = (
				02AD45D327578CB000BD93ED /* TicketClient.swift */,
			);
			name = TicketClient;
			path = Sources/TicketClient;
			sourceTree = SOURCE_ROOT;
		};
		02B81B042879A0BE00780A57 /* SteamworksHelpers */ = {
			isa = PBXGroup;
			children = (
				02B81B022879A0B400780A57 /* SteamAppList+Helpers.swift */,
				02B81B052879A54900780A57 /* SteamFriends+Helpers.swift */,
				02B81B07287AC08400780A57 /* SteamInventory+Helpers.swift */,
			);
			name = SteamworksHelpers;
			path = Sources/SteamworksHelpers;
			sourceTree = SOURCE_ROOT;
		};
		02D309E6272813B200DE64F0 /* Generated */ = {
			isa = PBXGroup;
			children = (
				020860CF2730493300725122 /* SteamBaseAPI+Version.swift */,
				02D309E7272813CF00DE64F0 /* SteamBaseAPI+Callbacks.swift */,
				020860F7273FED5A00725122 /* Typedefs.swift */,
				020861032746D27000725122 /* Constants.swift */,
				020860E02734054400725122 /* Enums.swift */,
				02D309E92728145E00DE64F0 /* Structs.swift */,
				02AD4556274FB0CA00BD93ED /* SteamAppList.swift */,
				02AD4558274FB30700BD93ED /* SteamApps.swift */,
				020860E72735562A00725122 /* SteamFriends.swift */,
				02AD45742752459D00BD93ED /* SteamGameSearch.swift */,
				02AD455A2750099B00BD93ED /* SteamGameServer.swift */,
				02AD45672750F41500BD93ED /* SteamGameServerStats.swift */,
				02AD4582275259B900BD93ED /* SteamHTMLSurface.swift */,
				02AD45692750F67500BD93ED /* SteamHTTP.swift */,
				02AD45842753F74300BD93ED /* SteamInput.swift */,
				02AD458627540ED700BD93ED /* SteamInventory.swift */,
				02AD456D275106F100BD93ED /* SteamMatchmaking.swift */,
				02AD45EB2757A9BC00BD93ED /* SteamMatchmakingServers.swift */,
				02AD4576275247C400BD93ED /* SteamMusic.swift */,
				02AD45782752487C00BD93ED /* SteamMusicRemote.swift */,
				0287442527D8D851008F9638 /* SteamNetworkingFakeUDPPort.swift */,
				02ABAD1127667EF1003F0A31 /* SteamNetworkingMessages.swift */,
				02ABAD15276B959B003F0A31 /* SteamNetworkingSockets.swift */,
				02ABAD132769013E003F0A31 /* SteamNetworkingUtils.swift */,
				02AD457A27524CE700BD93ED /* SteamParentalSettings.swift */,
				02AD457227515CC400BD93ED /* SteamParties.swift */,
				02AD457C27524E6400BD93ED /* SteamRemotePlay.swift */,
				02AD45882754EFF800BD93ED /* SteamRemoteStorage.swift */,
				02AD457E275251E700BD93ED /* SteamScreenshots.swift */,
				02AD458A275636A200BD93ED /* SteamUGC.swift */,
				027F837A274C0B0500963383 /* SteamUtils.swift */,
				02AD454D274E4AA000BD93ED /* SteamUser.swift */,
				02AD454F274E644D00BD93ED /* SteamUserStats.swift */,
				02AD45802752557200BD93ED /* SteamVideo.swift */,
			);
			path = Generated;
			sourceTree = "<group>";
		};
		OBJ_11 /* Client */ = {
			isa = PBXGroup;
			children = (
				OBJ_12 /* Client.swift */,
			);
			name = Client;
			path = Sources/Client;
			sourceTree = SOURCE_ROOT;
		};
		OBJ_13 /* Steamworks */ = {
			isa = PBXGroup;
			children = (
				02D309DD2722D81E00DE64F0 /* SteamBaseAPI.swift */,
				02D309D62722C49B00DE64F0 /* SteamAPI.swift */,
				02D309EF2729730A00DE64F0 /* SteamGameServerAPI.swift */,
				027F8374274A681F00963383 /* SteamID.swift */,
				027F8378274BC05F00963383 /* GameID.swift */,
				02AD455C27500E5400BD93ED /* ManualStructs.swift */,
				02AD456B2751033E00BD93ED /* ManualInterfaces.swift */,
				02D309E42728122600DE64F0 /* TypeUtils.swift */,
				02AD45ED2758026700BD93ED /* SteamMatchmakingServers+Manual.swift */,
				02D309E22728111A00DE64F0 /* Lock.swift */,
				02D309E6272813B200DE64F0 /* Generated */,
			);
			name = Steamworks;
			path = Sources/Steamworks;
			sourceTree = SOURCE_ROOT;
		};
		OBJ_15 /* Tests */ = {
			isa = PBXGroup;
			children = (
				OBJ_16 /* SteamworksTests */,
			);
			name = Tests;
			sourceTree = SOURCE_ROOT;
		};
		OBJ_16 /* SteamworksTests */ = {
			isa = PBXGroup;
			children = (
				OBJ_17 /* TestCallbacks.swift */,
				020860A7273014B900725122 /* TestVersion.swift */,
				020860D227304C2300725122 /* TestUtils.swift */,
				020860D42731701700725122 /* TestGenerate.swift */,
				020860DC273307C700725122 /* TestNames.swift */,
				020860F927403F6E00725122 /* TestTypes.swift */,
				027F8376274BB8E900963383 /* TestSteamID.swift */,
				02AD455E2750E82900BD93ED /* TestStructs.swift */,
				020860F3273E775200725122 /* Fixtures */,
			);
			name = SteamworksTests;
			path = Tests/SteamworksTests;
			sourceTree = SOURCE_ROOT;
		};
		OBJ_18 /* Products */ = {
			isa = PBXGroup;
			children = (
				"swift-steamworks::Demo::Product" /* Client */,
				"swift-steamworks::Steamworks::Product" /* Steamworks.framework */,
				"swift-steamworks::SteamworksTests::Product" /* SteamworksTests.xctest */,
				020860AE273047D100725122 /* LibGenerate.framework */,
				020860BD2730485000725122 /* Generate */,
				02AD45C32757892B00BD93ED /* SteamworksEncryptedAppTicket.framework */,
				02AD45D827578D3C00BD93ED /* TicketClient */,
				02B81AFA28799FEE00780A57 /* SteamworksHelpers.framework */,
			);
			name = Products;
			sourceTree = BUILT_PRODUCTS_DIR;
		};
		OBJ_5 = {
			isa = PBXGroup;
			children = (
				OBJ_6 /* Package.swift */,
				OBJ_7 /* Sources */,
				OBJ_15 /* Tests */,
				OBJ_18 /* Products */,
				OBJ_24 /* sdk */,
				OBJ_25 /* LICENSE */,
				OBJ_26 /* Makefile */,
				OBJ_27 /* README.md */,
				02D309D3272181D900DE64F0 /* libsteam_api.dylib */,
				02AD45CD27578BCF00BD93ED /* libsdkencryptedappticket.dylib */,
				020860C42730485900725122 /* Frameworks */,
			);
			sourceTree = "<group>";
		};
		OBJ_7 /* Sources */ = {
			isa = PBXGroup;
			children = (
				OBJ_13 /* Steamworks */,
				02AD45C527578A0500BD93ED /* SteamworksEncryptedAppTicket */,
				02B81B042879A0BE00780A57 /* SteamworksHelpers */,
				OBJ_8 /* CSteamworks */,
				02AD45CF27578C2700BD93ED /* CSteamworksEncryptedAppTicket */,
				0208609B272EB98600725122 /* LibGenerate */,
				020860BE2730485000725122 /* Generate */,
				OBJ_11 /* Client */,
				02AD45D227578CB000BD93ED /* TicketClient */,
			);
			name = Sources;
			sourceTree = SOURCE_ROOT;
		};
		OBJ_8 /* CSteamworks */ = {
			isa = PBXGroup;
			children = (
				OBJ_9 /* steamapi_headers.h */,
				02AD45712751565E00BD93ED /* steam_missing.h */,
				02AD45EF2758F01100BD93ED /* steam_matchmaking_shims.h */,
				02ABAD1027650F9D003F0A31 /* steam_networking_shims.h */,
				02071237276146B1000D5B4A /* Generated */,
				OBJ_10 /* module.modulemap */,
			);
			name = CSteamworks;
			path = Sources/CSteamworks;
			sourceTree = SOURCE_ROOT;
		};
/* End PBXGroup section */

/* Begin PBXHeadersBuildPhase section */
		020860A9273047D100725122 /* Headers */ = {
			isa = PBXHeadersBuildPhase;
			buildActionMask = 2147483647;
			files = (
			);
			runOnlyForDeploymentPostprocessing = 0;
		};
		02B81AE228799FEE00780A57 /* Headers */ = {
			isa = PBXHeadersBuildPhase;
			buildActionMask = 2147483647;
			files = (
			);
			runOnlyForDeploymentPostprocessing = 0;
		};
/* End PBXHeadersBuildPhase section */

/* Begin PBXNativeTarget section */
		020860AD273047D100725122 /* LibGenerate */ = {
			isa = PBXNativeTarget;
			buildConfigurationList = 020860B2273047D100725122 /* Build configuration list for PBXNativeTarget "LibGenerate" */;
			buildPhases = (
				020860A9273047D100725122 /* Headers */,
				020860AA273047D100725122 /* Sources */,
				020860AB273047D100725122 /* Frameworks */,
				020860AC273047D100725122 /* Resources */,
			);
			buildRules = (
			);
			dependencies = (
			);
			name = LibGenerate;
			packageProductDependencies = (
				02AD4554274FA55600BD93ED /* Yams */,
			);
			productName = Generate;
			productReference = 020860AE273047D100725122 /* LibGenerate.framework */;
			productType = "com.apple.product-type.framework";
		};
		020860BC2730485000725122 /* Generate */ = {
			isa = PBXNativeTarget;
			buildConfigurationList = 020860C12730485000725122 /* Build configuration list for PBXNativeTarget "Generate" */;
			buildPhases = (
				020860B92730485000725122 /* Sources */,
				020860BA2730485000725122 /* Frameworks */,
				020860BB2730485000725122 /* CopyFiles */,
				020860C92730485900725122 /* Embed Frameworks */,
			);
			buildRules = (
			);
			dependencies = (
				020860C82730485900725122 /* PBXTargetDependency */,
			);
			name = Generate;
			productName = Generate;
			productReference = 020860BD2730485000725122 /* Generate */;
			productType = "com.apple.product-type.tool";
		};
		02AD458E2757892B00BD93ED /* SteamworksEncryptedAppTicket */ = {
			isa = PBXNativeTarget;
			buildConfigurationList = 02AD45C02757892B00BD93ED /* Build configuration list for PBXNativeTarget "SteamworksEncryptedAppTicket" */;
			buildPhases = (
				02AD45932757892B00BD93ED /* Sources */,
				02AD45BB2757892B00BD93ED /* Frameworks */,
			);
			buildRules = (
			);
			dependencies = (
				02AD45CB27578A5B00BD93ED /* PBXTargetDependency */,
			);
			name = SteamworksEncryptedAppTicket;
			packageProductDependencies = (
			);
			productName = Steamworks;
			productReference = 02AD45C32757892B00BD93ED /* SteamworksEncryptedAppTicket.framework */;
			productType = "com.apple.product-type.framework";
		};
		02AD45D727578D3C00BD93ED /* TicketClient */ = {
			isa = PBXNativeTarget;
			buildConfigurationList = 02AD45DC27578D3C00BD93ED /* Build configuration list for PBXNativeTarget "TicketClient" */;
			buildPhases = (
				02AD45D427578D3C00BD93ED /* Sources */,
				02AD45D527578D3C00BD93ED /* Frameworks */,
				02AD45D627578D3C00BD93ED /* CopyFiles */,
				02AD45E727578D5900BD93ED /* Embed Frameworks */,
			);
			buildRules = (
			);
			dependencies = (
				02AD45E227578D5900BD93ED /* PBXTargetDependency */,
				02AD45E627578D5900BD93ED /* PBXTargetDependency */,
			);
			name = TicketClient;
			productName = TicketClient;
			productReference = 02AD45D827578D3C00BD93ED /* TicketClient */;
			productType = "com.apple.product-type.tool";
		};
		02B81ADF28799FEE00780A57 /* SteamworksHelpers */ = {
			isa = PBXNativeTarget;
			buildConfigurationList = 02B81AF728799FEE00780A57 /* Build configuration list for PBXNativeTarget "SteamworksHelpers" */;
			buildPhases = (
				02B81AE228799FEE00780A57 /* Headers */,
				02B81AE328799FEE00780A57 /* Sources */,
				02B81AF328799FEE00780A57 /* Frameworks */,
				02B81AF528799FEE00780A57 /* Resources */,
				02B81B012879A04D00780A57 /* Embed Frameworks */,
			);
			buildRules = (
			);
			dependencies = (
				02B81AFC2879A00D00780A57 /* PBXTargetDependency */,
				02B81B002879A04D00780A57 /* PBXTargetDependency */,
			);
			name = SteamworksHelpers;
			packageProductDependencies = (
			);
			productName = Generate;
			productReference = 02B81AFA28799FEE00780A57 /* SteamworksHelpers.framework */;
			productType = "com.apple.product-type.framework";
		};
		"swift-steamworks::Demo" /* Client */ = {
			isa = PBXNativeTarget;
			buildConfigurationList = OBJ_29 /* Build configuration list for PBXNativeTarget "Client" */;
			buildPhases = (
				OBJ_32 /* Sources */,
				OBJ_34 /* Frameworks */,
				02D309DC2722C55F00DE64F0 /* Embed Frameworks */,
				02D309DF2724205600DE64F0 /* ShellScript */,
			);
			buildRules = (
			);
			dependencies = (
				02D309DB2722C55E00DE64F0 /* PBXTargetDependency */,
			);
			name = Client;
			productName = Demo;
			productReference = "swift-steamworks::Demo::Product" /* Client */;
			productType = "com.apple.product-type.tool";
		};
		"swift-steamworks::Steamworks" /* Steamworks */ = {
			isa = PBXNativeTarget;
			buildConfigurationList = OBJ_36 /* Build configuration list for PBXNativeTarget "Steamworks" */;
			buildPhases = (
				OBJ_39 /* Sources */,
				OBJ_41 /* Frameworks */,
				02D309ED272969AD00DE64F0 /* CopyFiles */,
			);
			buildRules = (
			);
			dependencies = (
			);
			name = Steamworks;
			packageProductDependencies = (
				02086094272C194A00725122 /* Logging */,
				02AD4552274FA54B00BD93ED /* Yams */,
			);
			productName = Steamworks;
			productReference = "swift-steamworks::Steamworks::Product" /* Steamworks.framework */;
			productType = "com.apple.product-type.framework";
		};
		"swift-steamworks::SteamworksTests" /* SteamworksTests */ = {
			isa = PBXNativeTarget;
			buildConfigurationList = OBJ_43 /* Build configuration list for PBXNativeTarget "SteamworksTests" */;
			buildPhases = (
				OBJ_46 /* Sources */,
				OBJ_48 /* Frameworks */,
			);
			buildRules = (
			);
			dependencies = (
				OBJ_50 /* PBXTargetDependency */,
			);
			name = SteamworksTests;
			productName = SteamworksTests;
			productReference = "swift-steamworks::SteamworksTests::Product" /* SteamworksTests.xctest */;
			productType = "com.apple.product-type.bundle.unit-test";
		};
/* End PBXNativeTarget section */

/* Begin PBXProject section */
		OBJ_1 /* Project object */ = {
			isa = PBXProject;
			attributes = {
				LastSwiftMigration = 9999;
				LastSwiftUpdateCheck = 1320;
				LastUpgradeCheck = 9999;
				TargetAttributes = {
					020860AD273047D100725122 = {
						CreatedOnToolsVersion = 13.2;
					};
					020860BC2730485000725122 = {
						CreatedOnToolsVersion = 13.2;
					};
					02AD45D727578D3C00BD93ED = {
						CreatedOnToolsVersion = 13.2;
					};
					02B81ADF28799FEE00780A57 = {
						LastSwiftMigration = 1400;
					};
				};
			};
			buildConfigurationList = OBJ_2 /* Build configuration list for PBXProject "steamworks-swift" */;
			compatibilityVersion = "Xcode 3.2";
			developmentRegion = en;
			hasScannedForEncodings = 0;
			knownRegions = (
				en,
			);
			mainGroup = OBJ_5;
			packageReferences = (
				02086093272C194A00725122 /* XCRemoteSwiftPackageReference "swift-log" */,
				02AD4551274FA54B00BD93ED /* XCRemoteSwiftPackageReference "Yams" */,
			);
			productRefGroup = OBJ_18 /* Products */;
			projectDirPath = "";
			projectRoot = "";
			targets = (
				"swift-steamworks::Steamworks" /* Steamworks */,
				02B81ADF28799FEE00780A57 /* SteamworksHelpers */,
				02AD458E2757892B00BD93ED /* SteamworksEncryptedAppTicket */,
				"swift-steamworks::Demo" /* Client */,
				020860BC2730485000725122 /* Generate */,
				020860AD273047D100725122 /* LibGenerate */,
				"swift-steamworks::SteamworksTests" /* SteamworksTests */,
				02AD45D727578D3C00BD93ED /* TicketClient */,
			);
		};
/* End PBXProject section */

/* Begin PBXResourcesBuildPhase section */
		020860AC273047D100725122 /* Resources */ = {
			isa = PBXResourcesBuildPhase;
			buildActionMask = 2147483647;
			files = (
				020860F4273E775200725122 /* Fixtures in Resources */,
			);
			runOnlyForDeploymentPostprocessing = 0;
		};
		02B81AF528799FEE00780A57 /* Resources */ = {
			isa = PBXResourcesBuildPhase;
			buildActionMask = 2147483647;
			files = (
			);
			runOnlyForDeploymentPostprocessing = 0;
		};
/* End PBXResourcesBuildPhase section */

/* Begin PBXShellScriptBuildPhase section */
		02D309DF2724205600DE64F0 /* ShellScript */ = {
			isa = PBXShellScriptBuildPhase;
			alwaysOutOfDate = 1;
			buildActionMask = 2147483647;
			files = (
			);
			inputFileListPaths = (
			);
			inputPaths = (
			);
			outputFileListPaths = (
			);
			outputPaths = (
			);
			runOnlyForDeploymentPostprocessing = 0;
			shellPath = /bin/sh;
			shellScript = "echo 480 > ${CONFIGURATION_BUILD_DIR}/steam_appid.txt\n";
		};
/* End PBXShellScriptBuildPhase section */

/* Begin PBXSourcesBuildPhase section */
		020860AA273047D100725122 /* Sources */ = {
			isa = PBXSourcesBuildPhase;
			buildActionMask = 2147483647;
			files = (
				020860CE273048F200725122 /* Errors.swift in Sources */,
				020860DB2732BA8900725122 /* Regexp.swift in Sources */,
				0264BCD32865CFBB00AF26D1 /* SteamSwiftTypes.swift in Sources */,
				020861002746747F00725122 /* Callbacks.swift in Sources */,
				020860DF27330CD200725122 /* SteamNames.swift in Sources */,
				0264BCD52873026B00AF26D1 /* String+Utils.swift in Sources */,
				020860FC274290DE00725122 /* Structs.swift in Sources */,
				020860F6273FE55C00725122 /* Typedefs.swift in Sources */,
				020860E42735487600725122 /* Interfaces.swift in Sources */,
				020861022746CE8000725122 /* Constants.swift in Sources */,
				020860D72731B5CC00725122 /* Metadata.swift in Sources */,
				020860B6273047E200725122 /* Generator.swift in Sources */,
				020860B8273047EA00725122 /* Version.swift in Sources */,
				020860D92732B5A600725122 /* Enums.swift in Sources */,
				020860B7273047E700725122 /* IO.swift in Sources */,
			);
			runOnlyForDeploymentPostprocessing = 0;
		};
		020860B92730485000725122 /* Sources */ = {
			isa = PBXSourcesBuildPhase;
			buildActionMask = 2147483647;
			files = (
				020860C02730485000725122 /* main.swift in Sources */,
			);
			runOnlyForDeploymentPostprocessing = 0;
		};
		02AD45932757892B00BD93ED /* Sources */ = {
			isa = PBXSourcesBuildPhase;
			buildActionMask = 0;
			files = (
				02AD45C727578A0500BD93ED /* SteamEncryptedAppTicket.swift in Sources */,
			);
			runOnlyForDeploymentPostprocessing = 0;
		};
		02AD45D427578D3C00BD93ED /* Sources */ = {
			isa = PBXSourcesBuildPhase;
			buildActionMask = 2147483647;
			files = (
				02AD45E827578D6300BD93ED /* TicketClient.swift in Sources */,
			);
			runOnlyForDeploymentPostprocessing = 0;
		};
		02B81AE328799FEE00780A57 /* Sources */ = {
			isa = PBXSourcesBuildPhase;
			buildActionMask = 2147483647;
			files = (
				02B81B062879A54900780A57 /* SteamFriends+Helpers.swift in Sources */,
				02B81B032879A0B400780A57 /* SteamAppList+Helpers.swift in Sources */,
				02B81B08287AC08400780A57 /* SteamInventory+Helpers.swift in Sources */,
			);
			runOnlyForDeploymentPostprocessing = 0;
		};
		OBJ_32 /* Sources */ = {
			isa = PBXSourcesBuildPhase;
			buildActionMask = 0;
			files = (
				OBJ_33 /* Client.swift in Sources */,
			);
			runOnlyForDeploymentPostprocessing = 0;
		};
		OBJ_39 /* Sources */ = {
			isa = PBXSourcesBuildPhase;
			buildActionMask = 0;
			files = (
				020860EB2736F8E700725122 /* SteamFriends.swift in Sources */,
				02AD4559274FB30700BD93ED /* SteamApps.swift in Sources */,
				02AD456A2750F67500BD93ED /* SteamHTTP.swift in Sources */,
				02D309D72722C49B00DE64F0 /* SteamAPI.swift in Sources */,
				020860FE27451F9B00725122 /* Structs.swift in Sources */,
				02AD457D27524E6500BD93ED /* SteamRemotePlay.swift in Sources */,
				020860E12734054400725122 /* Enums.swift in Sources */,
				020860D12730493900725122 /* SteamBaseAPI+Version.swift in Sources */,
				02D309E8272813D000DE64F0 /* SteamBaseAPI+Callbacks.swift in Sources */,
				02AD4583275259B900BD93ED /* SteamHTMLSurface.swift in Sources */,
				02AD45812752557200BD93ED /* SteamVideo.swift in Sources */,
				02ABAD1227667EF2003F0A31 /* SteamNetworkingMessages.swift in Sources */,
				02AD455B2750099B00BD93ED /* SteamGameServer.swift in Sources */,
				02AD455D27500E5400BD93ED /* ManualStructs.swift in Sources */,
				02ABAD142769013E003F0A31 /* SteamNetworkingUtils.swift in Sources */,
				02AD457B27524CE700BD93ED /* SteamParentalSettings.swift in Sources */,
				02AD45EC2757A9BC00BD93ED /* SteamMatchmakingServers.swift in Sources */,
				02D309F02729730A00DE64F0 /* SteamGameServerAPI.swift in Sources */,
				02AD45EE2758026700BD93ED /* SteamMatchmakingServers+Manual.swift in Sources */,
				02AD45852753F74300BD93ED /* SteamInput.swift in Sources */,
				02AD4550274E644D00BD93ED /* SteamUserStats.swift in Sources */,
				02AD45682750F41500BD93ED /* SteamGameServerStats.swift in Sources */,
				02AD457327515CC400BD93ED /* SteamParties.swift in Sources */,
				027F837B274C0B0500963383 /* SteamUtils.swift in Sources */,
				020860F8273FED5A00725122 /* Typedefs.swift in Sources */,
				02ABAD16276B959C003F0A31 /* SteamNetworkingSockets.swift in Sources */,
				02AD456E275106F100BD93ED /* SteamMatchmaking.swift in Sources */,
				02D309E52728122600DE64F0 /* TypeUtils.swift in Sources */,
				02AD454E274E4AA000BD93ED /* SteamUser.swift in Sources */,
				02AD45892754EFF800BD93ED /* SteamRemoteStorage.swift in Sources */,
				02AD45792752487C00BD93ED /* SteamMusicRemote.swift in Sources */,
				02AD4557274FB0CA00BD93ED /* SteamAppList.swift in Sources */,
				027F8375274A681F00963383 /* SteamID.swift in Sources */,
				02AD45752752459D00BD93ED /* SteamGameSearch.swift in Sources */,
				02AD4577275247C400BD93ED /* SteamMusic.swift in Sources */,
				02AD456C2751033E00BD93ED /* ManualInterfaces.swift in Sources */,
				020861042746D27000725122 /* Constants.swift in Sources */,
				02AD457F275251E700BD93ED /* SteamScreenshots.swift in Sources */,
				02D309E32728111A00DE64F0 /* Lock.swift in Sources */,
				02AD458B275636A200BD93ED /* SteamUGC.swift in Sources */,
				0287442627D8D851008F9638 /* SteamNetworkingFakeUDPPort.swift in Sources */,
				027F8379274BC05F00963383 /* GameID.swift in Sources */,
				02D309DE2722D81E00DE64F0 /* SteamBaseAPI.swift in Sources */,
				02AD458727540ED700BD93ED /* SteamInventory.swift in Sources */,
			);
			runOnlyForDeploymentPostprocessing = 0;
		};
		OBJ_46 /* Sources */ = {
			isa = PBXSourcesBuildPhase;
			buildActionMask = 0;
			files = (
				027F8377274BB8E900963383 /* TestSteamID.swift in Sources */,
				020860DD273307C700725122 /* TestNames.swift in Sources */,
				020860FA27403F6E00725122 /* TestTypes.swift in Sources */,
				020860D52731701700725122 /* TestGenerate.swift in Sources */,
				02AD45602750E84B00BD93ED /* TestStructs.swift in Sources */,
				OBJ_47 /* TestCallbacks.swift in Sources */,
				020860D327304C2300725122 /* TestUtils.swift in Sources */,
				020860A8273014B900725122 /* TestVersion.swift in Sources */,
			);
			runOnlyForDeploymentPostprocessing = 0;
		};
/* End PBXSourcesBuildPhase section */

/* Begin PBXTargetDependency section */
		020860C82730485900725122 /* PBXTargetDependency */ = {
			isa = PBXTargetDependency;
			target = 020860AD273047D100725122 /* LibGenerate */;
			targetProxy = 020860C72730485900725122 /* PBXContainerItemProxy */;
		};
		02AD45CB27578A5B00BD93ED /* PBXTargetDependency */ = {
			isa = PBXTargetDependency;
			target = "swift-steamworks::Steamworks" /* Steamworks */;
			targetProxy = 02AD45CA27578A5B00BD93ED /* PBXContainerItemProxy */;
		};
		02AD45E227578D5900BD93ED /* PBXTargetDependency */ = {
			isa = PBXTargetDependency;
			target = "swift-steamworks::Steamworks" /* Steamworks */;
			targetProxy = 02AD45E127578D5900BD93ED /* PBXContainerItemProxy */;
		};
		02AD45E627578D5900BD93ED /* PBXTargetDependency */ = {
			isa = PBXTargetDependency;
			target = 02AD458E2757892B00BD93ED /* SteamworksEncryptedAppTicket */;
			targetProxy = 02AD45E527578D5900BD93ED /* PBXContainerItemProxy */;
		};
		02B81AFC2879A00D00780A57 /* PBXTargetDependency */ = {
			isa = PBXTargetDependency;
			target = "swift-steamworks::Steamworks" /* Steamworks */;
			targetProxy = 02B81AFB2879A00D00780A57 /* PBXContainerItemProxy */;
		};
		02B81B002879A04D00780A57 /* PBXTargetDependency */ = {
			isa = PBXTargetDependency;
			target = "swift-steamworks::Steamworks" /* Steamworks */;
			targetProxy = 02B81AFF2879A04D00780A57 /* PBXContainerItemProxy */;
		};
		02D309DB2722C55E00DE64F0 /* PBXTargetDependency */ = {
			isa = PBXTargetDependency;
			target = "swift-steamworks::Steamworks" /* Steamworks */;
			targetProxy = 02D309DA2722C55E00DE64F0 /* PBXContainerItemProxy */;
		};
		OBJ_50 /* PBXTargetDependency */ = {
			isa = PBXTargetDependency;
			target = "swift-steamworks::Steamworks" /* Steamworks */;
			targetProxy = 02D309CC27200D9300DE64F0 /* PBXContainerItemProxy */;
		};
/* End PBXTargetDependency section */

/* Begin XCBuildConfiguration section */
		020860B3273047D100725122 /* Debug */ = {
			isa = XCBuildConfiguration;
			buildSettings = {
				ALWAYS_SEARCH_USER_PATHS = NO;
				CLANG_ANALYZER_NONNULL = YES;
				CLANG_ANALYZER_NUMBER_OBJECT_CONVERSION = YES_AGGRESSIVE;
				CLANG_CXX_LANGUAGE_STANDARD = "gnu++17";
				CLANG_CXX_LIBRARY = "libc++";
				CLANG_ENABLE_MODULES = YES;
				CLANG_ENABLE_OBJC_WEAK = YES;
				CLANG_WARN_BLOCK_CAPTURE_AUTORELEASING = YES;
				CLANG_WARN_BOOL_CONVERSION = YES;
				CLANG_WARN_COMMA = YES;
				CLANG_WARN_CONSTANT_CONVERSION = YES;
				CLANG_WARN_DEPRECATED_OBJC_IMPLEMENTATIONS = YES;
				CLANG_WARN_DIRECT_OBJC_ISA_USAGE = YES_ERROR;
				CLANG_WARN_DOCUMENTATION_COMMENTS = YES;
				CLANG_WARN_EMPTY_BODY = YES;
				CLANG_WARN_ENUM_CONVERSION = YES;
				CLANG_WARN_INFINITE_RECURSION = YES;
				CLANG_WARN_INT_CONVERSION = YES;
				CLANG_WARN_NON_LITERAL_NULL_CONVERSION = YES;
				CLANG_WARN_OBJC_IMPLICIT_RETAIN_SELF = YES;
				CLANG_WARN_OBJC_LITERAL_CONVERSION = YES;
				CLANG_WARN_OBJC_ROOT_CLASS = YES_ERROR;
				CLANG_WARN_QUOTED_INCLUDE_IN_FRAMEWORK_HEADER = YES;
				CLANG_WARN_RANGE_LOOP_ANALYSIS = YES;
				CLANG_WARN_STRICT_PROTOTYPES = YES;
				CLANG_WARN_SUSPICIOUS_MOVE = YES;
				CLANG_WARN_UNGUARDED_AVAILABILITY = YES_AGGRESSIVE;
				CLANG_WARN_UNREACHABLE_CODE = YES;
				CLANG_WARN__DUPLICATE_METHOD_MATCH = YES;
				CODE_SIGN_STYLE = Automatic;
				COMBINE_HIDPI_IMAGES = YES;
				CURRENT_PROJECT_VERSION = 1;
				DEFINES_MODULE = YES;
				DYLIB_COMPATIBILITY_VERSION = 1;
				DYLIB_CURRENT_VERSION = 1;
				DYLIB_INSTALL_NAME_BASE = "@rpath";
				ENABLE_STRICT_OBJC_MSGSEND = YES;
				ENABLE_TESTABILITY = YES;
				GCC_C_LANGUAGE_STANDARD = gnu11;
				GCC_DYNAMIC_NO_PIC = NO;
				GCC_NO_COMMON_BLOCKS = YES;
				GCC_PREPROCESSOR_DEFINITIONS = (
					"DEBUG=1",
					"$(inherited)",
				);
				GCC_WARN_64_TO_32_BIT_CONVERSION = YES;
				GCC_WARN_ABOUT_RETURN_TYPE = YES_ERROR;
				GCC_WARN_UNDECLARED_SELECTOR = YES;
				GCC_WARN_UNINITIALIZED_AUTOS = YES_AGGRESSIVE;
				GCC_WARN_UNUSED_FUNCTION = YES;
				GCC_WARN_UNUSED_VARIABLE = YES;
				GENERATE_INFOPLIST_FILE = YES;
				INFOPLIST_KEY_NSHumanReadableCopyright = "";
				INSTALL_PATH = "$(LOCAL_LIBRARY_DIR)/Frameworks";
				LD_RUNPATH_SEARCH_PATHS = (
					"$(inherited)",
					"@executable_path/../Frameworks",
					"@loader_path/Frameworks",
				);
				MACOSX_DEPLOYMENT_TARGET = 11.0;
				MARKETING_VERSION = 1.0;
				MTL_ENABLE_DEBUG_INFO = INCLUDE_SOURCE;
				MTL_FAST_MATH = YES;
				PRODUCT_BUNDLE_IDENTIFIER = tml.Generate;
				PRODUCT_NAME = "$(TARGET_NAME:c99extidentifier)";
				SKIP_INSTALL = YES;
				SWIFT_ACTIVE_COMPILATION_CONDITIONS = DEBUG;
				SWIFT_EMIT_LOC_STRINGS = YES;
				SWIFT_VERSION = 5.0;
				VERSIONING_SYSTEM = "apple-generic";
				VERSION_INFO_PREFIX = "";
			};
			name = Debug;
		};
		020860B4273047D100725122 /* Release */ = {
			isa = XCBuildConfiguration;
			buildSettings = {
				ALWAYS_SEARCH_USER_PATHS = NO;
				CLANG_ANALYZER_NONNULL = YES;
				CLANG_ANALYZER_NUMBER_OBJECT_CONVERSION = YES_AGGRESSIVE;
				CLANG_CXX_LANGUAGE_STANDARD = "gnu++17";
				CLANG_CXX_LIBRARY = "libc++";
				CLANG_ENABLE_MODULES = YES;
				CLANG_ENABLE_OBJC_WEAK = YES;
				CLANG_WARN_BLOCK_CAPTURE_AUTORELEASING = YES;
				CLANG_WARN_BOOL_CONVERSION = YES;
				CLANG_WARN_COMMA = YES;
				CLANG_WARN_CONSTANT_CONVERSION = YES;
				CLANG_WARN_DEPRECATED_OBJC_IMPLEMENTATIONS = YES;
				CLANG_WARN_DIRECT_OBJC_ISA_USAGE = YES_ERROR;
				CLANG_WARN_DOCUMENTATION_COMMENTS = YES;
				CLANG_WARN_EMPTY_BODY = YES;
				CLANG_WARN_ENUM_CONVERSION = YES;
				CLANG_WARN_INFINITE_RECURSION = YES;
				CLANG_WARN_INT_CONVERSION = YES;
				CLANG_WARN_NON_LITERAL_NULL_CONVERSION = YES;
				CLANG_WARN_OBJC_IMPLICIT_RETAIN_SELF = YES;
				CLANG_WARN_OBJC_LITERAL_CONVERSION = YES;
				CLANG_WARN_OBJC_ROOT_CLASS = YES_ERROR;
				CLANG_WARN_QUOTED_INCLUDE_IN_FRAMEWORK_HEADER = YES;
				CLANG_WARN_RANGE_LOOP_ANALYSIS = YES;
				CLANG_WARN_STRICT_PROTOTYPES = YES;
				CLANG_WARN_SUSPICIOUS_MOVE = YES;
				CLANG_WARN_UNGUARDED_AVAILABILITY = YES_AGGRESSIVE;
				CLANG_WARN_UNREACHABLE_CODE = YES;
				CLANG_WARN__DUPLICATE_METHOD_MATCH = YES;
				CODE_SIGN_STYLE = Automatic;
				COMBINE_HIDPI_IMAGES = YES;
				COPY_PHASE_STRIP = NO;
				CURRENT_PROJECT_VERSION = 1;
				DEFINES_MODULE = YES;
				DYLIB_COMPATIBILITY_VERSION = 1;
				DYLIB_CURRENT_VERSION = 1;
				DYLIB_INSTALL_NAME_BASE = "@rpath";
				ENABLE_NS_ASSERTIONS = NO;
				ENABLE_STRICT_OBJC_MSGSEND = YES;
				GCC_C_LANGUAGE_STANDARD = gnu11;
				GCC_NO_COMMON_BLOCKS = YES;
				GCC_WARN_64_TO_32_BIT_CONVERSION = YES;
				GCC_WARN_ABOUT_RETURN_TYPE = YES_ERROR;
				GCC_WARN_UNDECLARED_SELECTOR = YES;
				GCC_WARN_UNINITIALIZED_AUTOS = YES_AGGRESSIVE;
				GCC_WARN_UNUSED_FUNCTION = YES;
				GCC_WARN_UNUSED_VARIABLE = YES;
				GENERATE_INFOPLIST_FILE = YES;
				INFOPLIST_KEY_NSHumanReadableCopyright = "";
				INSTALL_PATH = "$(LOCAL_LIBRARY_DIR)/Frameworks";
				LD_RUNPATH_SEARCH_PATHS = (
					"$(inherited)",
					"@executable_path/../Frameworks",
					"@loader_path/Frameworks",
				);
				MACOSX_DEPLOYMENT_TARGET = 11.0;
				MARKETING_VERSION = 1.0;
				MTL_ENABLE_DEBUG_INFO = NO;
				MTL_FAST_MATH = YES;
				PRODUCT_BUNDLE_IDENTIFIER = tml.Generate;
				PRODUCT_NAME = "$(TARGET_NAME:c99extidentifier)";
				SKIP_INSTALL = YES;
				SWIFT_EMIT_LOC_STRINGS = YES;
				SWIFT_VERSION = 5.0;
				VERSIONING_SYSTEM = "apple-generic";
				VERSION_INFO_PREFIX = "";
			};
			name = Release;
		};
		020860C22730485000725122 /* Debug */ = {
			isa = XCBuildConfiguration;
			buildSettings = {
				ALWAYS_SEARCH_USER_PATHS = NO;
				CLANG_ANALYZER_NONNULL = YES;
				CLANG_ANALYZER_NUMBER_OBJECT_CONVERSION = YES_AGGRESSIVE;
				CLANG_CXX_LANGUAGE_STANDARD = "gnu++17";
				CLANG_CXX_LIBRARY = "libc++";
				CLANG_ENABLE_MODULES = YES;
				CLANG_ENABLE_OBJC_WEAK = YES;
				CLANG_WARN_BLOCK_CAPTURE_AUTORELEASING = YES;
				CLANG_WARN_BOOL_CONVERSION = YES;
				CLANG_WARN_COMMA = YES;
				CLANG_WARN_CONSTANT_CONVERSION = YES;
				CLANG_WARN_DEPRECATED_OBJC_IMPLEMENTATIONS = YES;
				CLANG_WARN_DIRECT_OBJC_ISA_USAGE = YES_ERROR;
				CLANG_WARN_DOCUMENTATION_COMMENTS = YES;
				CLANG_WARN_EMPTY_BODY = YES;
				CLANG_WARN_ENUM_CONVERSION = YES;
				CLANG_WARN_INFINITE_RECURSION = YES;
				CLANG_WARN_INT_CONVERSION = YES;
				CLANG_WARN_NON_LITERAL_NULL_CONVERSION = YES;
				CLANG_WARN_OBJC_IMPLICIT_RETAIN_SELF = YES;
				CLANG_WARN_OBJC_LITERAL_CONVERSION = YES;
				CLANG_WARN_OBJC_ROOT_CLASS = YES_ERROR;
				CLANG_WARN_QUOTED_INCLUDE_IN_FRAMEWORK_HEADER = YES;
				CLANG_WARN_RANGE_LOOP_ANALYSIS = YES;
				CLANG_WARN_STRICT_PROTOTYPES = YES;
				CLANG_WARN_SUSPICIOUS_MOVE = YES;
				CLANG_WARN_UNGUARDED_AVAILABILITY = YES_AGGRESSIVE;
				CLANG_WARN_UNREACHABLE_CODE = YES;
				CLANG_WARN__DUPLICATE_METHOD_MATCH = YES;
				CODE_SIGN_STYLE = Automatic;
				ENABLE_STRICT_OBJC_MSGSEND = YES;
				ENABLE_TESTABILITY = YES;
				GCC_C_LANGUAGE_STANDARD = gnu11;
				GCC_DYNAMIC_NO_PIC = NO;
				GCC_NO_COMMON_BLOCKS = YES;
				GCC_PREPROCESSOR_DEFINITIONS = (
					"DEBUG=1",
					"$(inherited)",
				);
				GCC_WARN_64_TO_32_BIT_CONVERSION = YES;
				GCC_WARN_ABOUT_RETURN_TYPE = YES_ERROR;
				GCC_WARN_UNDECLARED_SELECTOR = YES;
				GCC_WARN_UNINITIALIZED_AUTOS = YES_AGGRESSIVE;
				GCC_WARN_UNUSED_FUNCTION = YES;
				GCC_WARN_UNUSED_VARIABLE = YES;
				MACOSX_DEPLOYMENT_TARGET = 11.0;
				MTL_ENABLE_DEBUG_INFO = INCLUDE_SOURCE;
				MTL_FAST_MATH = YES;
				PRODUCT_NAME = "$(TARGET_NAME)";
				SWIFT_ACTIVE_COMPILATION_CONDITIONS = DEBUG;
				SWIFT_VERSION = 5.0;
			};
			name = Debug;
		};
		020860C32730485000725122 /* Release */ = {
			isa = XCBuildConfiguration;
			buildSettings = {
				ALWAYS_SEARCH_USER_PATHS = NO;
				CLANG_ANALYZER_NONNULL = YES;
				CLANG_ANALYZER_NUMBER_OBJECT_CONVERSION = YES_AGGRESSIVE;
				CLANG_CXX_LANGUAGE_STANDARD = "gnu++17";
				CLANG_CXX_LIBRARY = "libc++";
				CLANG_ENABLE_MODULES = YES;
				CLANG_ENABLE_OBJC_WEAK = YES;
				CLANG_WARN_BLOCK_CAPTURE_AUTORELEASING = YES;
				CLANG_WARN_BOOL_CONVERSION = YES;
				CLANG_WARN_COMMA = YES;
				CLANG_WARN_CONSTANT_CONVERSION = YES;
				CLANG_WARN_DEPRECATED_OBJC_IMPLEMENTATIONS = YES;
				CLANG_WARN_DIRECT_OBJC_ISA_USAGE = YES_ERROR;
				CLANG_WARN_DOCUMENTATION_COMMENTS = YES;
				CLANG_WARN_EMPTY_BODY = YES;
				CLANG_WARN_ENUM_CONVERSION = YES;
				CLANG_WARN_INFINITE_RECURSION = YES;
				CLANG_WARN_INT_CONVERSION = YES;
				CLANG_WARN_NON_LITERAL_NULL_CONVERSION = YES;
				CLANG_WARN_OBJC_IMPLICIT_RETAIN_SELF = YES;
				CLANG_WARN_OBJC_LITERAL_CONVERSION = YES;
				CLANG_WARN_OBJC_ROOT_CLASS = YES_ERROR;
				CLANG_WARN_QUOTED_INCLUDE_IN_FRAMEWORK_HEADER = YES;
				CLANG_WARN_RANGE_LOOP_ANALYSIS = YES;
				CLANG_WARN_STRICT_PROTOTYPES = YES;
				CLANG_WARN_SUSPICIOUS_MOVE = YES;
				CLANG_WARN_UNGUARDED_AVAILABILITY = YES_AGGRESSIVE;
				CLANG_WARN_UNREACHABLE_CODE = YES;
				CLANG_WARN__DUPLICATE_METHOD_MATCH = YES;
				CODE_SIGN_STYLE = Automatic;
				COPY_PHASE_STRIP = NO;
				ENABLE_NS_ASSERTIONS = NO;
				ENABLE_STRICT_OBJC_MSGSEND = YES;
				GCC_C_LANGUAGE_STANDARD = gnu11;
				GCC_NO_COMMON_BLOCKS = YES;
				GCC_WARN_64_TO_32_BIT_CONVERSION = YES;
				GCC_WARN_ABOUT_RETURN_TYPE = YES_ERROR;
				GCC_WARN_UNDECLARED_SELECTOR = YES;
				GCC_WARN_UNINITIALIZED_AUTOS = YES_AGGRESSIVE;
				GCC_WARN_UNUSED_FUNCTION = YES;
				GCC_WARN_UNUSED_VARIABLE = YES;
				MACOSX_DEPLOYMENT_TARGET = 11.0;
				MTL_ENABLE_DEBUG_INFO = NO;
				MTL_FAST_MATH = YES;
				PRODUCT_NAME = "$(TARGET_NAME)";
				SWIFT_VERSION = 5.0;
			};
			name = Release;
		};
		02AD45C12757892B00BD93ED /* Debug */ = {
			isa = XCBuildConfiguration;
			buildSettings = {
				CURRENT_PROJECT_VERSION = 1;
				DRIVERKIT_DEPLOYMENT_TARGET = 19.0;
				ENABLE_TESTABILITY = YES;
				FRAMEWORK_SEARCH_PATHS = (
					"$(inherited)",
					"$(PLATFORM_DIR)/Developer/Library/Frameworks",
				);
				HEADER_SEARCH_PATHS = (
					"$(inherited)",
					"$(SRCROOT)/Sources/CSteamworks",
					"$(SRCROOT)/Sources/CSteamworksEncryptedAppTicket",
				);
				INFOPLIST_FILE = "steamworks-swift.xcodeproj/Steamworks_Info.plist";
				IPHONEOS_DEPLOYMENT_TARGET = 9.0;
				LD_RUNPATH_SEARCH_PATHS = (
					"$(inherited)",
					"$(TOOLCHAIN_DIR)/usr/lib/swift/macosx",
				);
				LIBRARY_SEARCH_PATHS = (
					"$(inherited)",
					"$(PROJECT_DIR)/sdk/public/steam/lib/osx",
				);
				MACOSX_DEPLOYMENT_TARGET = 11.0;
				OTHER_CFLAGS = "$(inherited)";
				OTHER_LDFLAGS = (
					"$(inherited)",
					"-lc++",
				);
				OTHER_SWIFT_FLAGS = "$(inherited) -Xfrontend -enable-cxx-interop";
				PRODUCT_BUNDLE_IDENTIFIER = SteamworksEncryptedAppTicket;
				PRODUCT_MODULE_NAME = "$(TARGET_NAME:c99extidentifier)";
				PRODUCT_NAME = "$(TARGET_NAME)";
				SKIP_INSTALL = YES;
				SWIFT_ACTIVE_COMPILATION_CONDITIONS = "$(inherited)";
				SWIFT_VERSION = 5.0;
				TARGET_NAME = SteamworksEncryptedAppTicket;
				TVOS_DEPLOYMENT_TARGET = 9.0;
				WATCHOS_DEPLOYMENT_TARGET = 2.0;
			};
			name = Debug;
		};
		02AD45C22757892B00BD93ED /* Release */ = {
			isa = XCBuildConfiguration;
			buildSettings = {
				CURRENT_PROJECT_VERSION = 1;
				DRIVERKIT_DEPLOYMENT_TARGET = 19.0;
				ENABLE_TESTABILITY = YES;
				FRAMEWORK_SEARCH_PATHS = (
					"$(inherited)",
					"$(PLATFORM_DIR)/Developer/Library/Frameworks",
				);
				HEADER_SEARCH_PATHS = (
					"$(inherited)",
					"$(SRCROOT)/Sources/CSteamworks",
					"$(SRCROOT)/Sources/CSteamworksEncryptedAppTicket",
				);
				INFOPLIST_FILE = "steamworks-swift.xcodeproj/Steamworks_Info.plist";
				IPHONEOS_DEPLOYMENT_TARGET = 9.0;
				LD_RUNPATH_SEARCH_PATHS = (
					"$(inherited)",
					"$(TOOLCHAIN_DIR)/usr/lib/swift/macosx",
				);
				LIBRARY_SEARCH_PATHS = (
					"$(inherited)",
					"$(PROJECT_DIR)/sdk/public/steam/lib/osx",
				);
				MACOSX_DEPLOYMENT_TARGET = 11.0;
				OTHER_CFLAGS = "$(inherited)";
				OTHER_LDFLAGS = (
					"$(inherited)",
					"-lc++",
				);
				OTHER_SWIFT_FLAGS = "$(inherited) -Xfrontend -enable-cxx-interop";
				PRODUCT_BUNDLE_IDENTIFIER = SteamworksEncryptedAppTicket;
				PRODUCT_MODULE_NAME = "$(TARGET_NAME:c99extidentifier)";
				PRODUCT_NAME = "$(TARGET_NAME)";
				SKIP_INSTALL = YES;
				SWIFT_ACTIVE_COMPILATION_CONDITIONS = "$(inherited)";
				SWIFT_VERSION = 5.0;
				TARGET_NAME = SteamworksEncryptedAppTicket;
				TVOS_DEPLOYMENT_TARGET = 9.0;
				WATCHOS_DEPLOYMENT_TARGET = 2.0;
			};
			name = Release;
		};
		02AD45DD27578D3C00BD93ED /* Debug */ = {
			isa = XCBuildConfiguration;
			buildSettings = {
				ALWAYS_SEARCH_USER_PATHS = NO;
				CLANG_ANALYZER_NONNULL = YES;
				CLANG_ANALYZER_NUMBER_OBJECT_CONVERSION = YES_AGGRESSIVE;
				CLANG_CXX_LANGUAGE_STANDARD = "gnu++17";
				CLANG_CXX_LIBRARY = "libc++";
				CLANG_ENABLE_MODULES = YES;
				CLANG_ENABLE_OBJC_WEAK = YES;
				CLANG_WARN_BLOCK_CAPTURE_AUTORELEASING = YES;
				CLANG_WARN_BOOL_CONVERSION = YES;
				CLANG_WARN_COMMA = YES;
				CLANG_WARN_CONSTANT_CONVERSION = YES;
				CLANG_WARN_DEPRECATED_OBJC_IMPLEMENTATIONS = YES;
				CLANG_WARN_DIRECT_OBJC_ISA_USAGE = YES_ERROR;
				CLANG_WARN_DOCUMENTATION_COMMENTS = YES;
				CLANG_WARN_EMPTY_BODY = YES;
				CLANG_WARN_ENUM_CONVERSION = YES;
				CLANG_WARN_INFINITE_RECURSION = YES;
				CLANG_WARN_INT_CONVERSION = YES;
				CLANG_WARN_NON_LITERAL_NULL_CONVERSION = YES;
				CLANG_WARN_OBJC_IMPLICIT_RETAIN_SELF = YES;
				CLANG_WARN_OBJC_LITERAL_CONVERSION = YES;
				CLANG_WARN_OBJC_ROOT_CLASS = YES_ERROR;
				CLANG_WARN_QUOTED_INCLUDE_IN_FRAMEWORK_HEADER = YES;
				CLANG_WARN_RANGE_LOOP_ANALYSIS = YES;
				CLANG_WARN_STRICT_PROTOTYPES = YES;
				CLANG_WARN_SUSPICIOUS_MOVE = YES;
				CLANG_WARN_UNGUARDED_AVAILABILITY = YES_AGGRESSIVE;
				CLANG_WARN_UNREACHABLE_CODE = YES;
				CLANG_WARN__DUPLICATE_METHOD_MATCH = YES;
				CODE_SIGN_STYLE = Automatic;
				ENABLE_STRICT_OBJC_MSGSEND = YES;
				ENABLE_TESTABILITY = YES;
				GCC_C_LANGUAGE_STANDARD = gnu11;
				GCC_DYNAMIC_NO_PIC = NO;
				GCC_NO_COMMON_BLOCKS = YES;
				GCC_PREPROCESSOR_DEFINITIONS = (
					"DEBUG=1",
					"$(inherited)",
				);
				GCC_WARN_64_TO_32_BIT_CONVERSION = YES;
				GCC_WARN_ABOUT_RETURN_TYPE = YES_ERROR;
				GCC_WARN_UNDECLARED_SELECTOR = YES;
				GCC_WARN_UNINITIALIZED_AUTOS = YES_AGGRESSIVE;
				GCC_WARN_UNUSED_FUNCTION = YES;
				GCC_WARN_UNUSED_VARIABLE = YES;
				MACOSX_DEPLOYMENT_TARGET = 11.0;
				MTL_ENABLE_DEBUG_INFO = INCLUDE_SOURCE;
				MTL_FAST_MATH = YES;
				PRODUCT_NAME = "$(TARGET_NAME)";
				SWIFT_ACTIVE_COMPILATION_CONDITIONS = DEBUG;
				SWIFT_VERSION = 5.0;
			};
			name = Debug;
		};
		02AD45DE27578D3C00BD93ED /* Release */ = {
			isa = XCBuildConfiguration;
			buildSettings = {
				ALWAYS_SEARCH_USER_PATHS = NO;
				CLANG_ANALYZER_NONNULL = YES;
				CLANG_ANALYZER_NUMBER_OBJECT_CONVERSION = YES_AGGRESSIVE;
				CLANG_CXX_LANGUAGE_STANDARD = "gnu++17";
				CLANG_CXX_LIBRARY = "libc++";
				CLANG_ENABLE_MODULES = YES;
				CLANG_ENABLE_OBJC_WEAK = YES;
				CLANG_WARN_BLOCK_CAPTURE_AUTORELEASING = YES;
				CLANG_WARN_BOOL_CONVERSION = YES;
				CLANG_WARN_COMMA = YES;
				CLANG_WARN_CONSTANT_CONVERSION = YES;
				CLANG_WARN_DEPRECATED_OBJC_IMPLEMENTATIONS = YES;
				CLANG_WARN_DIRECT_OBJC_ISA_USAGE = YES_ERROR;
				CLANG_WARN_DOCUMENTATION_COMMENTS = YES;
				CLANG_WARN_EMPTY_BODY = YES;
				CLANG_WARN_ENUM_CONVERSION = YES;
				CLANG_WARN_INFINITE_RECURSION = YES;
				CLANG_WARN_INT_CONVERSION = YES;
				CLANG_WARN_NON_LITERAL_NULL_CONVERSION = YES;
				CLANG_WARN_OBJC_IMPLICIT_RETAIN_SELF = YES;
				CLANG_WARN_OBJC_LITERAL_CONVERSION = YES;
				CLANG_WARN_OBJC_ROOT_CLASS = YES_ERROR;
				CLANG_WARN_QUOTED_INCLUDE_IN_FRAMEWORK_HEADER = YES;
				CLANG_WARN_RANGE_LOOP_ANALYSIS = YES;
				CLANG_WARN_STRICT_PROTOTYPES = YES;
				CLANG_WARN_SUSPICIOUS_MOVE = YES;
				CLANG_WARN_UNGUARDED_AVAILABILITY = YES_AGGRESSIVE;
				CLANG_WARN_UNREACHABLE_CODE = YES;
				CLANG_WARN__DUPLICATE_METHOD_MATCH = YES;
				CODE_SIGN_STYLE = Automatic;
				COPY_PHASE_STRIP = NO;
				ENABLE_NS_ASSERTIONS = NO;
				ENABLE_STRICT_OBJC_MSGSEND = YES;
				GCC_C_LANGUAGE_STANDARD = gnu11;
				GCC_NO_COMMON_BLOCKS = YES;
				GCC_WARN_64_TO_32_BIT_CONVERSION = YES;
				GCC_WARN_ABOUT_RETURN_TYPE = YES_ERROR;
				GCC_WARN_UNDECLARED_SELECTOR = YES;
				GCC_WARN_UNINITIALIZED_AUTOS = YES_AGGRESSIVE;
				GCC_WARN_UNUSED_FUNCTION = YES;
				GCC_WARN_UNUSED_VARIABLE = YES;
				MACOSX_DEPLOYMENT_TARGET = 11.0;
				MTL_ENABLE_DEBUG_INFO = NO;
				MTL_FAST_MATH = YES;
				PRODUCT_NAME = "$(TARGET_NAME)";
				SWIFT_VERSION = 5.0;
			};
			name = Release;
		};
		02B81AF828799FEE00780A57 /* Debug */ = {
			isa = XCBuildConfiguration;
			buildSettings = {
				ALWAYS_SEARCH_USER_PATHS = NO;
				CLANG_ANALYZER_NONNULL = YES;
				CLANG_ANALYZER_NUMBER_OBJECT_CONVERSION = YES_AGGRESSIVE;
				CLANG_CXX_LANGUAGE_STANDARD = "gnu++17";
				CLANG_CXX_LIBRARY = "libc++";
				CLANG_ENABLE_MODULES = YES;
				CLANG_ENABLE_OBJC_WEAK = YES;
				CLANG_WARN_BLOCK_CAPTURE_AUTORELEASING = YES;
				CLANG_WARN_BOOL_CONVERSION = YES;
				CLANG_WARN_COMMA = YES;
				CLANG_WARN_CONSTANT_CONVERSION = YES;
				CLANG_WARN_DEPRECATED_OBJC_IMPLEMENTATIONS = YES;
				CLANG_WARN_DIRECT_OBJC_ISA_USAGE = YES_ERROR;
				CLANG_WARN_DOCUMENTATION_COMMENTS = YES;
				CLANG_WARN_EMPTY_BODY = YES;
				CLANG_WARN_ENUM_CONVERSION = YES;
				CLANG_WARN_INFINITE_RECURSION = YES;
				CLANG_WARN_INT_CONVERSION = YES;
				CLANG_WARN_NON_LITERAL_NULL_CONVERSION = YES;
				CLANG_WARN_OBJC_IMPLICIT_RETAIN_SELF = YES;
				CLANG_WARN_OBJC_LITERAL_CONVERSION = YES;
				CLANG_WARN_OBJC_ROOT_CLASS = YES_ERROR;
				CLANG_WARN_QUOTED_INCLUDE_IN_FRAMEWORK_HEADER = YES;
				CLANG_WARN_RANGE_LOOP_ANALYSIS = YES;
				CLANG_WARN_STRICT_PROTOTYPES = YES;
				CLANG_WARN_SUSPICIOUS_MOVE = YES;
				CLANG_WARN_UNGUARDED_AVAILABILITY = YES_AGGRESSIVE;
				CLANG_WARN_UNREACHABLE_CODE = YES;
				CLANG_WARN__DUPLICATE_METHOD_MATCH = YES;
				CODE_SIGN_STYLE = Automatic;
				COMBINE_HIDPI_IMAGES = YES;
				CURRENT_PROJECT_VERSION = 1;
				DEFINES_MODULE = YES;
				DYLIB_COMPATIBILITY_VERSION = 1;
				DYLIB_CURRENT_VERSION = 1;
				DYLIB_INSTALL_NAME_BASE = "@rpath";
				ENABLE_STRICT_OBJC_MSGSEND = YES;
				ENABLE_TESTABILITY = YES;
				GCC_C_LANGUAGE_STANDARD = gnu11;
				GCC_DYNAMIC_NO_PIC = NO;
				GCC_NO_COMMON_BLOCKS = YES;
				GCC_PREPROCESSOR_DEFINITIONS = (
					"DEBUG=1",
					"$(inherited)",
				);
				GCC_WARN_64_TO_32_BIT_CONVERSION = YES;
				GCC_WARN_ABOUT_RETURN_TYPE = YES_ERROR;
				GCC_WARN_UNDECLARED_SELECTOR = YES;
				GCC_WARN_UNINITIALIZED_AUTOS = YES_AGGRESSIVE;
				GCC_WARN_UNUSED_FUNCTION = YES;
				GCC_WARN_UNUSED_VARIABLE = YES;
				GENERATE_INFOPLIST_FILE = YES;
				INFOPLIST_KEY_NSHumanReadableCopyright = "";
				INSTALL_PATH = "$(LOCAL_LIBRARY_DIR)/Frameworks";
				LD_RUNPATH_SEARCH_PATHS = (
					"$(inherited)",
					"@executable_path/../Frameworks",
					"@loader_path/Frameworks",
				);
				MACOSX_DEPLOYMENT_TARGET = 11.0;
				MARKETING_VERSION = 1.0;
				MTL_ENABLE_DEBUG_INFO = INCLUDE_SOURCE;
				MTL_FAST_MATH = YES;
				PRODUCT_BUNDLE_IDENTIFIER = tml.Generate;
				PRODUCT_NAME = "$(TARGET_NAME)";
				SKIP_INSTALL = YES;
				SWIFT_ACTIVE_COMPILATION_CONDITIONS = DEBUG;
				SWIFT_EMIT_LOC_STRINGS = YES;
				SWIFT_OPTIMIZATION_LEVEL = "-Onone";
				SWIFT_VERSION = 5.0;
				VERSIONING_SYSTEM = "apple-generic";
				VERSION_INFO_PREFIX = "";
			};
			name = Debug;
		};
		02B81AF928799FEE00780A57 /* Release */ = {
			isa = XCBuildConfiguration;
			buildSettings = {
				ALWAYS_SEARCH_USER_PATHS = NO;
				CLANG_ANALYZER_NONNULL = YES;
				CLANG_ANALYZER_NUMBER_OBJECT_CONVERSION = YES_AGGRESSIVE;
				CLANG_CXX_LANGUAGE_STANDARD = "gnu++17";
				CLANG_CXX_LIBRARY = "libc++";
				CLANG_ENABLE_MODULES = YES;
				CLANG_ENABLE_OBJC_WEAK = YES;
				CLANG_WARN_BLOCK_CAPTURE_AUTORELEASING = YES;
				CLANG_WARN_BOOL_CONVERSION = YES;
				CLANG_WARN_COMMA = YES;
				CLANG_WARN_CONSTANT_CONVERSION = YES;
				CLANG_WARN_DEPRECATED_OBJC_IMPLEMENTATIONS = YES;
				CLANG_WARN_DIRECT_OBJC_ISA_USAGE = YES_ERROR;
				CLANG_WARN_DOCUMENTATION_COMMENTS = YES;
				CLANG_WARN_EMPTY_BODY = YES;
				CLANG_WARN_ENUM_CONVERSION = YES;
				CLANG_WARN_INFINITE_RECURSION = YES;
				CLANG_WARN_INT_CONVERSION = YES;
				CLANG_WARN_NON_LITERAL_NULL_CONVERSION = YES;
				CLANG_WARN_OBJC_IMPLICIT_RETAIN_SELF = YES;
				CLANG_WARN_OBJC_LITERAL_CONVERSION = YES;
				CLANG_WARN_OBJC_ROOT_CLASS = YES_ERROR;
				CLANG_WARN_QUOTED_INCLUDE_IN_FRAMEWORK_HEADER = YES;
				CLANG_WARN_RANGE_LOOP_ANALYSIS = YES;
				CLANG_WARN_STRICT_PROTOTYPES = YES;
				CLANG_WARN_SUSPICIOUS_MOVE = YES;
				CLANG_WARN_UNGUARDED_AVAILABILITY = YES_AGGRESSIVE;
				CLANG_WARN_UNREACHABLE_CODE = YES;
				CLANG_WARN__DUPLICATE_METHOD_MATCH = YES;
				CODE_SIGN_STYLE = Automatic;
				COMBINE_HIDPI_IMAGES = YES;
				COPY_PHASE_STRIP = NO;
				CURRENT_PROJECT_VERSION = 1;
				DEFINES_MODULE = YES;
				DYLIB_COMPATIBILITY_VERSION = 1;
				DYLIB_CURRENT_VERSION = 1;
				DYLIB_INSTALL_NAME_BASE = "@rpath";
				ENABLE_NS_ASSERTIONS = NO;
				ENABLE_STRICT_OBJC_MSGSEND = YES;
				GCC_C_LANGUAGE_STANDARD = gnu11;
				GCC_NO_COMMON_BLOCKS = YES;
				GCC_WARN_64_TO_32_BIT_CONVERSION = YES;
				GCC_WARN_ABOUT_RETURN_TYPE = YES_ERROR;
				GCC_WARN_UNDECLARED_SELECTOR = YES;
				GCC_WARN_UNINITIALIZED_AUTOS = YES_AGGRESSIVE;
				GCC_WARN_UNUSED_FUNCTION = YES;
				GCC_WARN_UNUSED_VARIABLE = YES;
				GENERATE_INFOPLIST_FILE = YES;
				INFOPLIST_KEY_NSHumanReadableCopyright = "";
				INSTALL_PATH = "$(LOCAL_LIBRARY_DIR)/Frameworks";
				LD_RUNPATH_SEARCH_PATHS = (
					"$(inherited)",
					"@executable_path/../Frameworks",
					"@loader_path/Frameworks",
				);
				MACOSX_DEPLOYMENT_TARGET = 11.0;
				MARKETING_VERSION = 1.0;
				MTL_ENABLE_DEBUG_INFO = NO;
				MTL_FAST_MATH = YES;
				PRODUCT_BUNDLE_IDENTIFIER = tml.Generate;
				PRODUCT_NAME = "$(TARGET_NAME)";
				SKIP_INSTALL = YES;
				SWIFT_EMIT_LOC_STRINGS = YES;
				SWIFT_VERSION = 5.0;
				VERSIONING_SYSTEM = "apple-generic";
				VERSION_INFO_PREFIX = "";
			};
			name = Release;
		};
		OBJ_3 /* Debug */ = {
			isa = XCBuildConfiguration;
			buildSettings = {
				CLANG_ENABLE_OBJC_ARC = YES;
				COMBINE_HIDPI_IMAGES = YES;
				COPY_PHASE_STRIP = NO;
				DEBUG_INFORMATION_FORMAT = dwarf;
				DYLIB_INSTALL_NAME_BASE = "@rpath";
				ENABLE_NS_ASSERTIONS = YES;
				GCC_OPTIMIZATION_LEVEL = 0;
				GCC_PREPROCESSOR_DEFINITIONS = (
					"$(inherited)",
					"SWIFT_PACKAGE=1",
					"DEBUG=1",
				);
				LD_RUNPATH_SEARCH_PATHS = "$(SRCROOT)/sdk/redistributable_bin/osx";
				LIBRARY_SEARCH_PATHS = "$(SRCROOT)/sdk/redistributable_bin/osx";
				MACOSX_DEPLOYMENT_TARGET = 11.0;
				ONLY_ACTIVE_ARCH = YES;
				OTHER_SWIFT_FLAGS = "$(inherited) -DXcode";
				PRODUCT_NAME = "$(TARGET_NAME)";
				SDKROOT = macosx;
				SUPPORTED_PLATFORMS = "$(AVAILABLE_PLATFORMS)";
				SUPPORTS_MACCATALYST = YES;
				SWIFT_ACTIVE_COMPILATION_CONDITIONS = "$(inherited) SWIFT_PACKAGE DEBUG";
				SWIFT_INCLUDE_PATHS = "$(SRCROOT)/sdk/public";
				SWIFT_OPTIMIZATION_LEVEL = "-Onone";
				USE_HEADERMAP = NO;
			};
			name = Debug;
		};
		OBJ_30 /* Debug */ = {
			isa = XCBuildConfiguration;
			buildSettings = {
				CURRENT_PROJECT_VERSION = 1;
				DRIVERKIT_DEPLOYMENT_TARGET = 19.0;
				FRAMEWORK_SEARCH_PATHS = (
					"$(inherited)",
					"$(PLATFORM_DIR)/Developer/Library/Frameworks",
				);
				INFOPLIST_FILE = "steamworks-swift.xcodeproj/Client_Info.plist";
				IPHONEOS_DEPLOYMENT_TARGET = 9.0;
				LD_RUNPATH_SEARCH_PATHS = (
					"$(inherited)",
					"$(TOOLCHAIN_DIR)/usr/lib/swift/macosx",
					"@executable_path",
				);
				MACOSX_DEPLOYMENT_TARGET = 11.0;
				OTHER_CFLAGS = "$(inherited)";
				OTHER_SWIFT_FLAGS = "$(inherited)";
				SWIFT_ACTIVE_COMPILATION_CONDITIONS = "$(inherited)";
				SWIFT_FORCE_DYNAMIC_LINK_STDLIB = YES;
				SWIFT_FORCE_STATIC_LINK_STDLIB = NO;
				SWIFT_VERSION = 5.0;
				TARGET_NAME = Client;
				TVOS_DEPLOYMENT_TARGET = 9.0;
				WATCHOS_DEPLOYMENT_TARGET = 2.0;
			};
			name = Debug;
		};
		OBJ_31 /* Release */ = {
			isa = XCBuildConfiguration;
			buildSettings = {
				CURRENT_PROJECT_VERSION = 1;
				DRIVERKIT_DEPLOYMENT_TARGET = 19.0;
				FRAMEWORK_SEARCH_PATHS = (
					"$(inherited)",
					"$(PLATFORM_DIR)/Developer/Library/Frameworks",
				);
				INFOPLIST_FILE = "steamworks-swift.xcodeproj/Client_Info.plist";
				IPHONEOS_DEPLOYMENT_TARGET = 9.0;
				LD_RUNPATH_SEARCH_PATHS = (
					"$(inherited)",
					"$(TOOLCHAIN_DIR)/usr/lib/swift/macosx",
					"@executable_path",
				);
				MACOSX_DEPLOYMENT_TARGET = 11.0;
				OTHER_CFLAGS = "$(inherited)";
				OTHER_SWIFT_FLAGS = "$(inherited)";
				SWIFT_ACTIVE_COMPILATION_CONDITIONS = "$(inherited)";
				SWIFT_FORCE_DYNAMIC_LINK_STDLIB = YES;
				SWIFT_FORCE_STATIC_LINK_STDLIB = NO;
				SWIFT_VERSION = 5.0;
				TARGET_NAME = Client;
				TVOS_DEPLOYMENT_TARGET = 9.0;
				WATCHOS_DEPLOYMENT_TARGET = 2.0;
			};
			name = Release;
		};
		OBJ_37 /* Debug */ = {
			isa = XCBuildConfiguration;
			buildSettings = {
				CURRENT_PROJECT_VERSION = 1;
				DRIVERKIT_DEPLOYMENT_TARGET = 19.0;
				ENABLE_TESTABILITY = YES;
				FRAMEWORK_SEARCH_PATHS = (
					"$(inherited)",
					"$(PLATFORM_DIR)/Developer/Library/Frameworks",
				);
				HEADER_SEARCH_PATHS = (
					"$(inherited)",
					"$(SRCROOT)/Sources/CSteamworks",
				);
				INFOPLIST_FILE = "steamworks-swift.xcodeproj/Steamworks_Info.plist";
				IPHONEOS_DEPLOYMENT_TARGET = 9.0;
				LD_RUNPATH_SEARCH_PATHS = (
					"$(inherited)",
					"$(TOOLCHAIN_DIR)/usr/lib/swift/macosx",
				);
				MACOSX_DEPLOYMENT_TARGET = 11.0;
				OTHER_CFLAGS = "$(inherited)";
				OTHER_LDFLAGS = (
					"$(inherited)",
					"-lc++",
				);
				OTHER_SWIFT_FLAGS = "$(inherited) -Xfrontend -enable-cxx-interop";
				PRODUCT_BUNDLE_IDENTIFIER = Steamworks;
				PRODUCT_MODULE_NAME = "$(TARGET_NAME:c99extidentifier)";
				PRODUCT_NAME = "$(TARGET_NAME:c99extidentifier)";
				SKIP_INSTALL = YES;
				SWIFT_ACTIVE_COMPILATION_CONDITIONS = "$(inherited)";
				SWIFT_VERSION = 5.0;
				TARGET_NAME = Steamworks;
				TVOS_DEPLOYMENT_TARGET = 9.0;
				WATCHOS_DEPLOYMENT_TARGET = 2.0;
			};
			name = Debug;
		};
		OBJ_38 /* Release */ = {
			isa = XCBuildConfiguration;
			buildSettings = {
				CURRENT_PROJECT_VERSION = 1;
				DRIVERKIT_DEPLOYMENT_TARGET = 19.0;
				ENABLE_TESTABILITY = YES;
				FRAMEWORK_SEARCH_PATHS = (
					"$(inherited)",
					"$(PLATFORM_DIR)/Developer/Library/Frameworks",
				);
				HEADER_SEARCH_PATHS = (
					"$(inherited)",
					"$(SRCROOT)/Sources/CSteamworks",
				);
				INFOPLIST_FILE = "steamworks-swift.xcodeproj/Steamworks_Info.plist";
				IPHONEOS_DEPLOYMENT_TARGET = 9.0;
				LD_RUNPATH_SEARCH_PATHS = (
					"$(inherited)",
					"$(TOOLCHAIN_DIR)/usr/lib/swift/macosx",
				);
				MACOSX_DEPLOYMENT_TARGET = 11.0;
				OTHER_CFLAGS = "$(inherited)";
				OTHER_LDFLAGS = (
					"$(inherited)",
					"-lc++",
				);
				OTHER_SWIFT_FLAGS = "$(inherited) -Xfrontend -enable-cxx-interop";
				PRODUCT_BUNDLE_IDENTIFIER = Steamworks;
				PRODUCT_MODULE_NAME = "$(TARGET_NAME:c99extidentifier)";
				PRODUCT_NAME = "$(TARGET_NAME:c99extidentifier)";
				SKIP_INSTALL = YES;
				SWIFT_ACTIVE_COMPILATION_CONDITIONS = "$(inherited)";
				SWIFT_VERSION = 5.0;
				TARGET_NAME = Steamworks;
				TVOS_DEPLOYMENT_TARGET = 9.0;
				WATCHOS_DEPLOYMENT_TARGET = 2.0;
			};
			name = Release;
		};
		OBJ_4 /* Release */ = {
			isa = XCBuildConfiguration;
			buildSettings = {
				CLANG_ENABLE_OBJC_ARC = YES;
				COMBINE_HIDPI_IMAGES = YES;
				COPY_PHASE_STRIP = YES;
				DEBUG_INFORMATION_FORMAT = "dwarf-with-dsym";
				DYLIB_INSTALL_NAME_BASE = "@rpath";
				GCC_OPTIMIZATION_LEVEL = s;
				GCC_PREPROCESSOR_DEFINITIONS = (
					"$(inherited)",
					"SWIFT_PACKAGE=1",
				);
				LD_RUNPATH_SEARCH_PATHS = "$(SRCROOT)/sdk/redistributable_bin/osx";
				LIBRARY_SEARCH_PATHS = "$(SRCROOT)/sdk/redistributable_bin/osx";
				MACOSX_DEPLOYMENT_TARGET = 11.0;
				OTHER_SWIFT_FLAGS = "$(inherited) -DXcode";
				PRODUCT_NAME = "$(TARGET_NAME)";
				SDKROOT = macosx;
				SUPPORTED_PLATFORMS = "$(AVAILABLE_PLATFORMS)";
				SUPPORTS_MACCATALYST = YES;
				SWIFT_ACTIVE_COMPILATION_CONDITIONS = "$(inherited) SWIFT_PACKAGE";
				SWIFT_COMPILATION_MODE = wholemodule;
				SWIFT_INCLUDE_PATHS = "$(SRCROOT)/sdk/public";
				SWIFT_OPTIMIZATION_LEVEL = "-O";
				USE_HEADERMAP = NO;
			};
			name = Release;
		};
		OBJ_44 /* Debug */ = {
			isa = XCBuildConfiguration;
			buildSettings = {
				CLANG_ENABLE_MODULES = YES;
				CURRENT_PROJECT_VERSION = 1;
				DRIVERKIT_DEPLOYMENT_TARGET = 19.0;
				EMBEDDED_CONTENT_CONTAINS_SWIFT = YES;
				FRAMEWORK_SEARCH_PATHS = (
					"$(inherited)",
					"$(PLATFORM_DIR)/Developer/Library/Frameworks",
				);
				HEADER_SEARCH_PATHS = "$(inherited)";
				INFOPLIST_FILE = "steamworks-swift.xcodeproj/SteamworksTests_Info.plist";
				IPHONEOS_DEPLOYMENT_TARGET = 14.0;
				LD_RUNPATH_SEARCH_PATHS = (
					"$(inherited)",
					"@loader_path/../Frameworks",
					"@loader_path/Frameworks",
				);
				MACOSX_DEPLOYMENT_TARGET = 11.0;
				OTHER_CFLAGS = "$(inherited)";
				OTHER_LDFLAGS = "$(inherited)";
				OTHER_SWIFT_FLAGS = "$(inherited)";
				SWIFT_ACTIVE_COMPILATION_CONDITIONS = "$(inherited)";
				SWIFT_VERSION = 5.0;
				TARGET_NAME = SteamworksTests;
				TVOS_DEPLOYMENT_TARGET = 14.0;
				WATCHOS_DEPLOYMENT_TARGET = 7.0;
			};
			name = Debug;
		};
		OBJ_45 /* Release */ = {
			isa = XCBuildConfiguration;
			buildSettings = {
				CLANG_ENABLE_MODULES = YES;
				CURRENT_PROJECT_VERSION = 1;
				DRIVERKIT_DEPLOYMENT_TARGET = 19.0;
				EMBEDDED_CONTENT_CONTAINS_SWIFT = YES;
				FRAMEWORK_SEARCH_PATHS = (
					"$(inherited)",
					"$(PLATFORM_DIR)/Developer/Library/Frameworks",
				);
				HEADER_SEARCH_PATHS = "$(inherited)";
				INFOPLIST_FILE = "steamworks-swift.xcodeproj/SteamworksTests_Info.plist";
				IPHONEOS_DEPLOYMENT_TARGET = 14.0;
				LD_RUNPATH_SEARCH_PATHS = (
					"$(inherited)",
					"@loader_path/../Frameworks",
					"@loader_path/Frameworks",
				);
				MACOSX_DEPLOYMENT_TARGET = 11.0;
				OTHER_CFLAGS = "$(inherited)";
				OTHER_LDFLAGS = "$(inherited)";
				OTHER_SWIFT_FLAGS = "$(inherited)";
				SWIFT_ACTIVE_COMPILATION_CONDITIONS = "$(inherited)";
				SWIFT_VERSION = 5.0;
				TARGET_NAME = SteamworksTests;
				TVOS_DEPLOYMENT_TARGET = 14.0;
				WATCHOS_DEPLOYMENT_TARGET = 7.0;
			};
			name = Release;
		};
/* End XCBuildConfiguration section */

/* Begin XCConfigurationList section */
		020860B2273047D100725122 /* Build configuration list for PBXNativeTarget "LibGenerate" */ = {
			isa = XCConfigurationList;
			buildConfigurations = (
				020860B3273047D100725122 /* Debug */,
				020860B4273047D100725122 /* Release */,
			);
			defaultConfigurationIsVisible = 0;
			defaultConfigurationName = Release;
		};
		020860C12730485000725122 /* Build configuration list for PBXNativeTarget "Generate" */ = {
			isa = XCConfigurationList;
			buildConfigurations = (
				020860C22730485000725122 /* Debug */,
				020860C32730485000725122 /* Release */,
			);
			defaultConfigurationIsVisible = 0;
			defaultConfigurationName = Release;
		};
		02AD45C02757892B00BD93ED /* Build configuration list for PBXNativeTarget "SteamworksEncryptedAppTicket" */ = {
			isa = XCConfigurationList;
			buildConfigurations = (
				02AD45C12757892B00BD93ED /* Debug */,
				02AD45C22757892B00BD93ED /* Release */,
			);
			defaultConfigurationIsVisible = 0;
			defaultConfigurationName = Release;
		};
		02AD45DC27578D3C00BD93ED /* Build configuration list for PBXNativeTarget "TicketClient" */ = {
			isa = XCConfigurationList;
			buildConfigurations = (
				02AD45DD27578D3C00BD93ED /* Debug */,
				02AD45DE27578D3C00BD93ED /* Release */,
			);
			defaultConfigurationIsVisible = 0;
			defaultConfigurationName = Release;
		};
		02B81AF728799FEE00780A57 /* Build configuration list for PBXNativeTarget "SteamworksHelpers" */ = {
			isa = XCConfigurationList;
			buildConfigurations = (
				02B81AF828799FEE00780A57 /* Debug */,
				02B81AF928799FEE00780A57 /* Release */,
			);
			defaultConfigurationIsVisible = 0;
			defaultConfigurationName = Release;
		};
		OBJ_2 /* Build configuration list for PBXProject "steamworks-swift" */ = {
			isa = XCConfigurationList;
			buildConfigurations = (
				OBJ_3 /* Debug */,
				OBJ_4 /* Release */,
			);
			defaultConfigurationIsVisible = 0;
			defaultConfigurationName = Release;
		};
		OBJ_29 /* Build configuration list for PBXNativeTarget "Client" */ = {
			isa = XCConfigurationList;
			buildConfigurations = (
				OBJ_30 /* Debug */,
				OBJ_31 /* Release */,
			);
			defaultConfigurationIsVisible = 0;
			defaultConfigurationName = Release;
		};
		OBJ_36 /* Build configuration list for PBXNativeTarget "Steamworks" */ = {
			isa = XCConfigurationList;
			buildConfigurations = (
				OBJ_37 /* Debug */,
				OBJ_38 /* Release */,
			);
			defaultConfigurationIsVisible = 0;
			defaultConfigurationName = Release;
		};
		OBJ_43 /* Build configuration list for PBXNativeTarget "SteamworksTests" */ = {
			isa = XCConfigurationList;
			buildConfigurations = (
				OBJ_44 /* Debug */,
				OBJ_45 /* Release */,
			);
			defaultConfigurationIsVisible = 0;
			defaultConfigurationName = Release;
		};
/* End XCConfigurationList section */

/* Begin XCRemoteSwiftPackageReference section */
		02086093272C194A00725122 /* XCRemoteSwiftPackageReference "swift-log" */ = {
			isa = XCRemoteSwiftPackageReference;
			repositoryURL = "https://github.com/apple/swift-log.git";
			requirement = {
				kind = upToNextMajorVersion;
				minimumVersion = 1.4.2;
			};
		};
		02AD4551274FA54B00BD93ED /* XCRemoteSwiftPackageReference "Yams" */ = {
			isa = XCRemoteSwiftPackageReference;
			repositoryURL = "https://github.com/jpsim/Yams.git";
			requirement = {
				kind = upToNextMajorVersion;
				minimumVersion = 4.0.0;
			};
		};
/* End XCRemoteSwiftPackageReference section */

/* Begin XCSwiftPackageProductDependency section */
		02086094272C194A00725122 /* Logging */ = {
			isa = XCSwiftPackageProductDependency;
			package = 02086093272C194A00725122 /* XCRemoteSwiftPackageReference "swift-log" */;
			productName = Logging;
		};
		02AD4552274FA54B00BD93ED /* Yams */ = {
			isa = XCSwiftPackageProductDependency;
			package = 02AD4551274FA54B00BD93ED /* XCRemoteSwiftPackageReference "Yams" */;
			productName = Yams;
		};
		02AD4554274FA55600BD93ED /* Yams */ = {
			isa = XCSwiftPackageProductDependency;
			package = 02AD4551274FA54B00BD93ED /* XCRemoteSwiftPackageReference "Yams" */;
			productName = Yams;
		};
/* End XCSwiftPackageProductDependency section */
	};
	rootObject = OBJ_1 /* Project object */;
}
